// !$*UTF8*$!
{
	archiveVersion = 1;
	classes = {
	};
	objectVersion = 50;
	objects = {

/* Begin PBXBuildFile section */
		210BD3DB23FAB8AE00ADF482 /* AppDelegate.swift in Sources */ = {isa = PBXBuildFile; fileRef = 210BD3DA23FAB8AE00ADF482 /* AppDelegate.swift */; };
		210BD3DD23FAB8AE00ADF482 /* SceneDelegate.swift in Sources */ = {isa = PBXBuildFile; fileRef = 210BD3DC23FAB8AE00ADF482 /* SceneDelegate.swift */; };
		210BD3DF23FAB8AE00ADF482 /* ContentView.swift in Sources */ = {isa = PBXBuildFile; fileRef = 210BD3DE23FAB8AE00ADF482 /* ContentView.swift */; };
		210BD3E123FAB8AF00ADF482 /* Assets.xcassets in Resources */ = {isa = PBXBuildFile; fileRef = 210BD3E023FAB8AF00ADF482 /* Assets.xcassets */; };
		210BD3E423FAB8AF00ADF482 /* Preview Assets.xcassets in Resources */ = {isa = PBXBuildFile; fileRef = 210BD3E323FAB8AF00ADF482 /* Preview Assets.xcassets */; };
		210BD3E723FAB8AF00ADF482 /* LaunchScreen.storyboard in Resources */ = {isa = PBXBuildFile; fileRef = 210BD3E523FAB8AF00ADF482 /* LaunchScreen.storyboard */; };
		210BD3F223FAB8AF00ADF482 /* sixSampleTests.swift in Sources */ = {isa = PBXBuildFile; fileRef = 210BD3F123FAB8AF00ADF482 /* sixSampleTests.swift */; };
		210BD3FD23FAB8AF00ADF482 /* sixSampleUITests.swift in Sources */ = {isa = PBXBuildFile; fileRef = 210BD3FC23FAB8AF00ADF482 /* sixSampleUITests.swift */; };
/* End PBXBuildFile section */

/* Begin PBXContainerItemProxy section */
		210BD3EE23FAB8AF00ADF482 /* PBXContainerItemProxy */ = {
			isa = PBXContainerItemProxy;
			containerPortal = 210BD3CF23FAB8AE00ADF482 /* Project object */;
			proxyType = 1;
			remoteGlobalIDString = 210BD3D623FAB8AE00ADF482;
			remoteInfo = sixSample;
		};
		210BD3F923FAB8AF00ADF482 /* PBXContainerItemProxy */ = {
			isa = PBXContainerItemProxy;
			containerPortal = 210BD3CF23FAB8AE00ADF482 /* Project object */;
			proxyType = 1;
			remoteGlobalIDString = 210BD3D623FAB8AE00ADF482;
			remoteInfo = sixSample;
		};
/* End PBXContainerItemProxy section */

/* Begin PBXFileReference section */
		210BD3D723FAB8AE00ADF482 /* sixSample.app */ = {isa = PBXFileReference; explicitFileType = wrapper.application; includeInIndex = 0; path = sixSample.app; sourceTree = BUILT_PRODUCTS_DIR; };
		210BD3DA23FAB8AE00ADF482 /* AppDelegate.swift */ = {isa = PBXFileReference; lastKnownFileType = sourcecode.swift; path = AppDelegate.swift; sourceTree = "<group>"; };
		210BD3DC23FAB8AE00ADF482 /* SceneDelegate.swift */ = {isa = PBXFileReference; lastKnownFileType = sourcecode.swift; path = SceneDelegate.swift; sourceTree = "<group>"; };
		210BD3DE23FAB8AE00ADF482 /* ContentView.swift */ = {isa = PBXFileReference; lastKnownFileType = sourcecode.swift; path = ContentView.swift; sourceTree = "<group>"; };
		210BD3E023FAB8AF00ADF482 /* Assets.xcassets */ = {isa = PBXFileReference; lastKnownFileType = folder.assetcatalog; path = Assets.xcassets; sourceTree = "<group>"; };
		210BD3E323FAB8AF00ADF482 /* Preview Assets.xcassets */ = {isa = PBXFileReference; lastKnownFileType = folder.assetcatalog; path = "Preview Assets.xcassets"; sourceTree = "<group>"; };
		210BD3E623FAB8AF00ADF482 /* Base */ = {isa = PBXFileReference; lastKnownFileType = file.storyboard; name = Base; path = Base.lproj/LaunchScreen.storyboard; sourceTree = "<group>"; };
		210BD3E823FAB8AF00ADF482 /* Info.plist */ = {isa = PBXFileReference; lastKnownFileType = text.plist.xml; path = Info.plist; sourceTree = "<group>"; };
		210BD3ED23FAB8AF00ADF482 /* sixSampleTests.xctest */ = {isa = PBXFileReference; explicitFileType = wrapper.cfbundle; includeInIndex = 0; path = sixSampleTests.xctest; sourceTree = BUILT_PRODUCTS_DIR; };
		210BD3F123FAB8AF00ADF482 /* sixSampleTests.swift */ = {isa = PBXFileReference; lastKnownFileType = sourcecode.swift; path = sixSampleTests.swift; sourceTree = "<group>"; };
		210BD3F323FAB8AF00ADF482 /* Info.plist */ = {isa = PBXFileReference; lastKnownFileType = text.plist.xml; path = Info.plist; sourceTree = "<group>"; };
		210BD3F823FAB8AF00ADF482 /* sixSampleUITests.xctest */ = {isa = PBXFileReference; explicitFileType = wrapper.cfbundle; includeInIndex = 0; path = sixSampleUITests.xctest; sourceTree = BUILT_PRODUCTS_DIR; };
		210BD3FC23FAB8AF00ADF482 /* sixSampleUITests.swift */ = {isa = PBXFileReference; lastKnownFileType = sourcecode.swift; path = sixSampleUITests.swift; sourceTree = "<group>"; };
		210BD3FE23FAB8AF00ADF482 /* Info.plist */ = {isa = PBXFileReference; lastKnownFileType = text.plist.xml; path = Info.plist; sourceTree = "<group>"; };
/* End PBXFileReference section */

/* Begin PBXFrameworksBuildPhase section */
		210BD3D423FAB8AE00ADF482 /* Frameworks */ = {
			isa = PBXFrameworksBuildPhase;
			buildActionMask = 2147483647;
			files = (
			);
			runOnlyForDeploymentPostprocessing = 0;
		};
		210BD3EA23FAB8AF00ADF482 /* Frameworks */ = {
			isa = PBXFrameworksBuildPhase;
			buildActionMask = 2147483647;
			files = (
			);
			runOnlyForDeploymentPostprocessing = 0;
		};
		210BD3F523FAB8AF00ADF482 /* Frameworks */ = {
			isa = PBXFrameworksBuildPhase;
			buildActionMask = 2147483647;
			files = (
			);
			runOnlyForDeploymentPostprocessing = 0;
		};
/* End PBXFrameworksBuildPhase section */

/* Begin PBXGroup section */
		210BD3CE23FAB8AE00ADF482 = {
			isa = PBXGroup;
			children = (
				210BD3D923FAB8AE00ADF482 /* sixSample */,
				210BD3F023FAB8AF00ADF482 /* sixSampleTests */,
				210BD3FB23FAB8AF00ADF482 /* sixSampleUITests */,
				210BD3D823FAB8AE00ADF482 /* Products */,
			);
			sourceTree = "<group>";
		};
		210BD3D823FAB8AE00ADF482 /* Products */ = {
			isa = PBXGroup;
			children = (
				210BD3D723FAB8AE00ADF482 /* sixSample.app */,
				210BD3ED23FAB8AF00ADF482 /* sixSampleTests.xctest */,
				210BD3F823FAB8AF00ADF482 /* sixSampleUITests.xctest */,
			);
			name = Products;
			sourceTree = "<group>";
		};
		210BD3D923FAB8AE00ADF482 /* sixSample */ = {
			isa = PBXGroup;
			children = (
				210BD3DA23FAB8AE00ADF482 /* AppDelegate.swift */,
				210BD3DC23FAB8AE00ADF482 /* SceneDelegate.swift */,
				210BD3DE23FAB8AE00ADF482 /* ContentView.swift */,
				210BD3E023FAB8AF00ADF482 /* Assets.xcassets */,
				210BD3E523FAB8AF00ADF482 /* LaunchScreen.storyboard */,
				210BD3E823FAB8AF00ADF482 /* Info.plist */,
				210BD3E223FAB8AF00ADF482 /* Preview Content */,
			);
			path = sixSample;
			sourceTree = "<group>";
		};
		210BD3E223FAB8AF00ADF482 /* Preview Content */ = {
			isa = PBXGroup;
			children = (
				210BD3E323FAB8AF00ADF482 /* Preview Assets.xcassets */,
			);
			path = "Preview Content";
			sourceTree = "<group>";
		};
		210BD3F023FAB8AF00ADF482 /* sixSampleTests */ = {
			isa = PBXGroup;
			children = (
				210BD3F123FAB8AF00ADF482 /* sixSampleTests.swift */,
				210BD3F323FAB8AF00ADF482 /* Info.plist */,
			);
			path = sixSampleTests;
			sourceTree = "<group>";
		};
		210BD3FB23FAB8AF00ADF482 /* sixSampleUITests */ = {
			isa = PBXGroup;
			children = (
				210BD3FC23FAB8AF00ADF482 /* sixSampleUITests.swift */,
				210BD3FE23FAB8AF00ADF482 /* Info.plist */,
			);
			path = sixSampleUITests;
			sourceTree = "<group>";
		};
/* End PBXGroup section */

/* Begin PBXNativeTarget section */
		210BD3D623FAB8AE00ADF482 /* sixSample */ = {
			isa = PBXNativeTarget;
			buildConfigurationList = 210BD40123FAB8AF00ADF482 /* Build configuration list for PBXNativeTarget "sixSample" */;
			buildPhases = (
				210BD3D323FAB8AE00ADF482 /* Sources */,
				210BD3D423FAB8AE00ADF482 /* Frameworks */,
				210BD3D523FAB8AE00ADF482 /* Resources */,
			);
			buildRules = (
			);
			dependencies = (
			);
			name = sixSample;
			productName = sixSample;
			productReference = 210BD3D723FAB8AE00ADF482 /* sixSample.app */;
			productType = "com.apple.product-type.application";
		};
		210BD3EC23FAB8AF00ADF482 /* sixSampleTests */ = {
			isa = PBXNativeTarget;
			buildConfigurationList = 210BD40423FAB8AF00ADF482 /* Build configuration list for PBXNativeTarget "sixSampleTests" */;
			buildPhases = (
				210BD3E923FAB8AF00ADF482 /* Sources */,
				210BD3EA23FAB8AF00ADF482 /* Frameworks */,
				210BD3EB23FAB8AF00ADF482 /* Resources */,
			);
			buildRules = (
			);
			dependencies = (
				210BD3EF23FAB8AF00ADF482 /* PBXTargetDependency */,
			);
			name = sixSampleTests;
			productName = sixSampleTests;
			productReference = 210BD3ED23FAB8AF00ADF482 /* sixSampleTests.xctest */;
			productType = "com.apple.product-type.bundle.unit-test";
		};
		210BD3F723FAB8AF00ADF482 /* sixSampleUITests */ = {
			isa = PBXNativeTarget;
			buildConfigurationList = 210BD40723FAB8AF00ADF482 /* Build configuration list for PBXNativeTarget "sixSampleUITests" */;
			buildPhases = (
				210BD3F423FAB8AF00ADF482 /* Sources */,
				210BD3F523FAB8AF00ADF482 /* Frameworks */,
				210BD3F623FAB8AF00ADF482 /* Resources */,
			);
			buildRules = (
			);
			dependencies = (
				210BD3FA23FAB8AF00ADF482 /* PBXTargetDependency */,
			);
			name = sixSampleUITests;
			productName = sixSampleUITests;
			productReference = 210BD3F823FAB8AF00ADF482 /* sixSampleUITests.xctest */;
			productType = "com.apple.product-type.bundle.ui-testing";
		};
/* End PBXNativeTarget section */

/* Begin PBXProject section */
		210BD3CF23FAB8AE00ADF482 /* Project object */ = {
			isa = PBXProject;
			attributes = {
				LastSwiftUpdateCheck = 1130;
				LastUpgradeCheck = 1130;
				ORGANIZATIONNAME = "張璋";
				TargetAttributes = {
					210BD3D623FAB8AE00ADF482 = {
						CreatedOnToolsVersion = 11.3.1;
					};
					210BD3EC23FAB8AF00ADF482 = {
						CreatedOnToolsVersion = 11.3.1;
						TestTargetID = 210BD3D623FAB8AE00ADF482;
					};
					210BD3F723FAB8AF00ADF482 = {
						CreatedOnToolsVersion = 11.3.1;
						TestTargetID = 210BD3D623FAB8AE00ADF482;
					};
				};
			};
			buildConfigurationList = 210BD3D223FAB8AE00ADF482 /* Build configuration list for PBXProject "sixSample" */;
			compatibilityVersion = "Xcode 9.3";
			developmentRegion = en;
			hasScannedForEncodings = 0;
			knownRegions = (
				en,
				Base,
			);
			mainGroup = 210BD3CE23FAB8AE00ADF482;
			productRefGroup = 210BD3D823FAB8AE00ADF482 /* Products */;
			projectDirPath = "";
			projectRoot = "";
			targets = (
				210BD3D623FAB8AE00ADF482 /* sixSample */,
				210BD3EC23FAB8AF00ADF482 /* sixSampleTests */,
				210BD3F723FAB8AF00ADF482 /* sixSampleUITests */,
			);
		};
/* End PBXProject section */

/* Begin PBXResourcesBuildPhase section */
		210BD3D523FAB8AE00ADF482 /* Resources */ = {
			isa = PBXResourcesBuildPhase;
			buildActionMask = 2147483647;
			files = (
				210BD3E723FAB8AF00ADF482 /* LaunchScreen.storyboard in Resources */,
				210BD3E423FAB8AF00ADF482 /* Preview Assets.xcassets in Resources */,
				210BD3E123FAB8AF00ADF482 /* Assets.xcassets in Resources */,
			);
			runOnlyForDeploymentPostprocessing = 0;
		};
		210BD3EB23FAB8AF00ADF482 /* Resources */ = {
			isa = PBXResourcesBuildPhase;
			buildActionMask = 2147483647;
			files = (
			);
			runOnlyForDeploymentPostprocessing = 0;
		};
		210BD3F623FAB8AF00ADF482 /* Resources */ = {
			isa = PBXResourcesBuildPhase;
			buildActionMask = 2147483647;
			files = (
			);
			runOnlyForDeploymentPostprocessing = 0;
		};
/* End PBXResourcesBuildPhase section */

/* Begin PBXSourcesBuildPhase section */
		210BD3D323FAB8AE00ADF482 /* Sources */ = {
			isa = PBXSourcesBuildPhase;
			buildActionMask = 2147483647;
			files = (
				210BD3DB23FAB8AE00ADF482 /* AppDelegate.swift in Sources */,
				210BD3DD23FAB8AE00ADF482 /* SceneDelegate.swift in Sources */,
				210BD3DF23FAB8AE00ADF482 /* ContentView.swift in Sources */,
			);
			runOnlyForDeploymentPostprocessing = 0;
		};
		210BD3E923FAB8AF00ADF482 /* Sources */ = {
			isa = PBXSourcesBuildPhase;
			buildActionMask = 2147483647;
			files = (
				210BD3F223FAB8AF00ADF482 /* sixSampleTests.swift in Sources */,
			);
			runOnlyForDeploymentPostprocessing = 0;
		};
		210BD3F423FAB8AF00ADF482 /* Sources */ = {
			isa = PBXSourcesBuildPhase;
			buildActionMask = 2147483647;
			files = (
				210BD3FD23FAB8AF00ADF482 /* sixSampleUITests.swift in Sources */,
			);
			runOnlyForDeploymentPostprocessing = 0;
		};
/* End PBXSourcesBuildPhase section */

/* Begin PBXTargetDependency section */
		210BD3EF23FAB8AF00ADF482 /* PBXTargetDependency */ = {
			isa = PBXTargetDependency;
			target = 210BD3D623FAB8AE00ADF482 /* sixSample */;
			targetProxy = 210BD3EE23FAB8AF00ADF482 /* PBXContainerItemProxy */;
		};
		210BD3FA23FAB8AF00ADF482 /* PBXTargetDependency */ = {
			isa = PBXTargetDependency;
			target = 210BD3D623FAB8AE00ADF482 /* sixSample */;
			targetProxy = 210BD3F923FAB8AF00ADF482 /* PBXContainerItemProxy */;
		};
/* End PBXTargetDependency section */

/* Begin PBXVariantGroup section */
		210BD3E523FAB8AF00ADF482 /* LaunchScreen.storyboard */ = {
			isa = PBXVariantGroup;
			children = (
				210BD3E623FAB8AF00ADF482 /* Base */,
			);
			name = LaunchScreen.storyboard;
			sourceTree = "<group>";
		};
/* End PBXVariantGroup section */

/* Begin XCBuildConfiguration section */
		210BD3FF23FAB8AF00ADF482 /* Debug */ = {
			isa = XCBuildConfiguration;
			buildSettings = {
				ALWAYS_SEARCH_USER_PATHS = NO;
				CLANG_ANALYZER_NONNULL = YES;
				CLANG_ANALYZER_NUMBER_OBJECT_CONVERSION = YES_AGGRESSIVE;
				CLANG_CXX_LANGUAGE_STANDARD = "gnu++14";
				CLANG_CXX_LIBRARY = "libc++";
				CLANG_ENABLE_MODULES = YES;
				CLANG_ENABLE_OBJC_ARC = YES;
				CLANG_ENABLE_OBJC_WEAK = YES;
				CLANG_WARN_BLOCK_CAPTURE_AUTORELEASING = YES;
				CLANG_WARN_BOOL_CONVERSION = YES;
				CLANG_WARN_COMMA = YES;
				CLANG_WARN_CONSTANT_CONVERSION = YES;
				CLANG_WARN_DEPRECATED_OBJC_IMPLEMENTATIONS = YES;
				CLANG_WARN_DIRECT_OBJC_ISA_USAGE = YES_ERROR;
				CLANG_WARN_DOCUMENTATION_COMMENTS = YES;
				CLANG_WARN_EMPTY_BODY = YES;
				CLANG_WARN_ENUM_CONVERSION = YES;
				CLANG_WARN_INFINITE_RECURSION = YES;
				CLANG_WARN_INT_CONVERSION = YES;
				CLANG_WARN_NON_LITERAL_NULL_CONVERSION = YES;
				CLANG_WARN_OBJC_IMPLICIT_RETAIN_SELF = YES;
				CLANG_WARN_OBJC_LITERAL_CONVERSION = YES;
				CLANG_WARN_OBJC_ROOT_CLASS = YES_ERROR;
				CLANG_WARN_RANGE_LOOP_ANALYSIS = YES;
				CLANG_WARN_STRICT_PROTOTYPES = YES;
				CLANG_WARN_SUSPICIOUS_MOVE = YES;
				CLANG_WARN_UNGUARDED_AVAILABILITY = YES_AGGRESSIVE;
				CLANG_WARN_UNREACHABLE_CODE = YES;
				CLANG_WARN__DUPLICATE_METHOD_MATCH = YES;
				COPY_PHASE_STRIP = NO;
				DEBUG_INFORMATION_FORMAT = dwarf;
				ENABLE_STRICT_OBJC_MSGSEND = YES;
				ENABLE_TESTABILITY = YES;
				GCC_C_LANGUAGE_STANDARD = gnu11;
				GCC_DYNAMIC_NO_PIC = NO;
				GCC_NO_COMMON_BLOCKS = YES;
				GCC_OPTIMIZATION_LEVEL = 0;
				GCC_PREPROCESSOR_DEFINITIONS = (
					"DEBUG=1",
					"$(inherited)",
				);
				GCC_WARN_64_TO_32_BIT_CONVERSION = YES;
				GCC_WARN_ABOUT_RETURN_TYPE = YES_ERROR;
				GCC_WARN_UNDECLARED_SELECTOR = YES;
				GCC_WARN_UNINITIALIZED_AUTOS = YES_AGGRESSIVE;
				GCC_WARN_UNUSED_FUNCTION = YES;
				GCC_WARN_UNUSED_VARIABLE = YES;
				IPHONEOS_DEPLOYMENT_TARGET = 13.2;
				MTL_ENABLE_DEBUG_INFO = INCLUDE_SOURCE;
				MTL_FAST_MATH = YES;
				ONLY_ACTIVE_ARCH = YES;
				SDKROOT = iphoneos;
				SWIFT_ACTIVE_COMPILATION_CONDITIONS = DEBUG;
				SWIFT_OPTIMIZATION_LEVEL = "-Onone";
			};
			name = Debug;
		};
		210BD40023FAB8AF00ADF482 /* Release */ = {
			isa = XCBuildConfiguration;
			buildSettings = {
				ALWAYS_SEARCH_USER_PATHS = NO;
				CLANG_ANALYZER_NONNULL = YES;
				CLANG_ANALYZER_NUMBER_OBJECT_CONVERSION = YES_AGGRESSIVE;
				CLANG_CXX_LANGUAGE_STANDARD = "gnu++14";
				CLANG_CXX_LIBRARY = "libc++";
				CLANG_ENABLE_MODULES = YES;
				CLANG_ENABLE_OBJC_ARC = YES;
				CLANG_ENABLE_OBJC_WEAK = YES;
				CLANG_WARN_BLOCK_CAPTURE_AUTORELEASING = YES;
				CLANG_WARN_BOOL_CONVERSION = YES;
				CLANG_WARN_COMMA = YES;
				CLANG_WARN_CONSTANT_CONVERSION = YES;
				CLANG_WARN_DEPRECATED_OBJC_IMPLEMENTATIONS = YES;
				CLANG_WARN_DIRECT_OBJC_ISA_USAGE = YES_ERROR;
				CLANG_WARN_DOCUMENTATION_COMMENTS = YES;
				CLANG_WARN_EMPTY_BODY = YES;
				CLANG_WARN_ENUM_CONVERSION = YES;
				CLANG_WARN_INFINITE_RECURSION = YES;
				CLANG_WARN_INT_CONVERSION = YES;
				CLANG_WARN_NON_LITERAL_NULL_CONVERSION = YES;
				CLANG_WARN_OBJC_IMPLICIT_RETAIN_SELF = YES;
				CLANG_WARN_OBJC_LITERAL_CONVERSION = YES;
				CLANG_WARN_OBJC_ROOT_CLASS = YES_ERROR;
				CLANG_WARN_RANGE_LOOP_ANALYSIS = YES;
				CLANG_WARN_STRICT_PROTOTYPES = YES;
				CLANG_WARN_SUSPICIOUS_MOVE = YES;
				CLANG_WARN_UNGUARDED_AVAILABILITY = YES_AGGRESSIVE;
				CLANG_WARN_UNREACHABLE_CODE = YES;
				CLANG_WARN__DUPLICATE_METHOD_MATCH = YES;
				COPY_PHASE_STRIP = NO;
				DEBUG_INFORMATION_FORMAT = "dwarf-with-dsym";
				ENABLE_NS_ASSERTIONS = NO;
				ENABLE_STRICT_OBJC_MSGSEND = YES;
				GCC_C_LANGUAGE_STANDARD = gnu11;
				GCC_NO_COMMON_BLOCKS = YES;
				GCC_WARN_64_TO_32_BIT_CONVERSION = YES;
				GCC_WARN_ABOUT_RETURN_TYPE = YES_ERROR;
				GCC_WARN_UNDECLARED_SELECTOR = YES;
				GCC_WARN_UNINITIALIZED_AUTOS = YES_AGGRESSIVE;
				GCC_WARN_UNUSED_FUNCTION = YES;
				GCC_WARN_UNUSED_VARIABLE = YES;
				IPHONEOS_DEPLOYMENT_TARGET = 13.2;
				MTL_ENABLE_DEBUG_INFO = NO;
				MTL_FAST_MATH = YES;
				SDKROOT = iphoneos;
				SWIFT_COMPILATION_MODE = wholemodule;
				SWIFT_OPTIMIZATION_LEVEL = "-O";
				VALIDATE_PRODUCT = YES;
			};
			name = Release;
		};
		210BD40223FAB8AF00ADF482 /* Debug */ = {
			isa = XCBuildConfiguration;
			buildSettings = {
				ASSETCATALOG_COMPILER_APPICON_NAME = AppIcon;
				CODE_SIGN_STYLE = Automatic;
				DEVELOPMENT_ASSET_PATHS = "\"sixSample/Preview Content\"";
				ENABLE_PREVIEWS = YES;
				INFOPLIST_FILE = sixSample/Info.plist;
				LD_RUNPATH_SEARCH_PATHS = (
					"$(inherited)",
					"@executable_path/Frameworks",
				);
				PRODUCT_BUNDLE_IDENTIFIER = sam.sixSample;
				PRODUCT_NAME = "$(TARGET_NAME)";
				SWIFT_VERSION = 5.0;
				TARGETED_DEVICE_FAMILY = "1,2";
			};
			name = Debug;
		};
		210BD40323FAB8AF00ADF482 /* Release */ = {
			isa = XCBuildConfiguration;
			buildSettings = {
				ASSETCATALOG_COMPILER_APPICON_NAME = AppIcon;
				CODE_SIGN_STYLE = Automatic;
				DEVELOPMENT_ASSET_PATHS = "\"sixSample/Preview Content\"";
				ENABLE_PREVIEWS = YES;
				INFOPLIST_FILE = sixSample/Info.plist;
				LD_RUNPATH_SEARCH_PATHS = (
					"$(inherited)",
					"@executable_path/Frameworks",
				);
				PRODUCT_BUNDLE_IDENTIFIER = sam.sixSample;
				PRODUCT_NAME = "$(TARGET_NAME)";
				SWIFT_VERSION = 5.0;
				TARGETED_DEVICE_FAMILY = "1,2";
			};
			name = Release;
		};
		210BD40523FAB8AF00ADF482 /* Debug */ = {
			isa = XCBuildConfiguration;
			buildSettings = {
				ALWAYS_EMBED_SWIFT_STANDARD_LIBRARIES = YES;
				BUNDLE_LOADER = "$(TEST_HOST)";
				CODE_SIGN_STYLE = Automatic;
				INFOPLIST_FILE = sixSampleTests/Info.plist;
				IPHONEOS_DEPLOYMENT_TARGET = 13.2;
				LD_RUNPATH_SEARCH_PATHS = (
					"$(inherited)",
					"@executable_path/Frameworks",
					"@loader_path/Frameworks",
				);
				PRODUCT_BUNDLE_IDENTIFIER = sam.sixSampleTests;
				PRODUCT_NAME = "$(TARGET_NAME)";
				SWIFT_VERSION = 5.0;
				TARGETED_DEVICE_FAMILY = "1,2";
				TEST_HOST = "$(BUILT_PRODUCTS_DIR)/sixSample.app/sixSample";
			};
			name = Debug;
		};
		210BD40623FAB8AF00ADF482 /* Release */ = {
			isa = XCBuildConfiguration;
			buildSettings = {
				ALWAYS_EMBED_SWIFT_STANDARD_LIBRARIES = YES;
				BUNDLE_LOADER = "$(TEST_HOST)";
				CODE_SIGN_STYLE = Automatic;
				INFOPLIST_FILE = sixSampleTests/Info.plist;
				IPHONEOS_DEPLOYMENT_TARGET = 13.2;
				LD_RUNPATH_SEARCH_PATHS = (
					"$(inherited)",
					"@executable_path/Frameworks",
					"@loader_path/Frameworks",
				);
				PRODUCT_BUNDLE_IDENTIFIER = sam.sixSampleTests;
				PRODUCT_NAME = "$(TARGET_NAME)";
				SWIFT_VERSION = 5.0;
				TARGETED_DEVICE_FAMILY = "1,2";
				TEST_HOST = "$(BUILT_PRODUCTS_DIR)/sixSample.app/sixSample";
			};
			name = Release;
		};
		210BD40823FAB8AF00ADF482 /* Debug */ = {
			isa = XCBuildConfiguration;
			buildSettings = {
				ALWAYS_EMBED_SWIFT_STANDARD_LIBRARIES = YES;
				CODE_SIGN_STYLE = Automatic;
				INFOPLIST_FILE = sixSampleUITests/Info.plist;
				LD_RUNPATH_SEARCH_PATHS = (
					"$(inherited)",
					"@executable_path/Frameworks",
					"@loader_path/Frameworks",
				);
				PRODUCT_BUNDLE_IDENTIFIER = sam.sixSampleUITests;
				PRODUCT_NAME = "$(TARGET_NAME)";
				SWIFT_VERSION = 5.0;
				TARGETED_DEVICE_FAMILY = "1,2";
				TEST_TARGET_NAME = sixSample;
			};
			name = Debug;
		};
		210BD40923FAB8AF00ADF482 /* Release */ = {
			isa = XCBuildConfiguration;
			buildSettings = {
				ALWAYS_EMBED_SWIFT_STANDARD_LIBRARIES = YES;
				CODE_SIGN_STYLE = Automatic;
				INFOPLIST_FILE = sixSampleUITests/Info.plist;
				LD_RUNPATH_SEARCH_PATHS = (
					"$(inherited)",
					"@executable_path/Frameworks",
					"@loader_path/Frameworks",
				);
				PRODUCT_BUNDLE_IDENTIFIER = sam.sixSampleUITests;
				PRODUCT_NAME = "$(TARGET_NAME)";
				SWIFT_VERSION = 5.0;
				TARGETED_DEVICE_FAMILY = "1,2";
				TEST_TARGET_NAME = sixSample;
			};
			name = Release;
		};
/* End XCBuildConfiguration section */

/* Begin XCConfigurationList section */
		210BD3D223FAB8AE00ADF482 /* Build configuration list for PBXProject "sixSample" */ = {
			isa = XCConfigurationList;
			buildConfigurations = (
				210BD3FF23FAB8AF00ADF482 /* Debug */,
				210BD40023FAB8AF00ADF482 /* Release */,
			);
			defaultConfigurationIsVisible = 0;
			defaultConfigurationName = Release;
		};
		210BD40123FAB8AF00ADF482 /* Build configuration list for PBXNativeTarget "sixSample" */ = {
			isa = XCConfigurationList;
			buildConfigurations = (
				210BD40223FAB8AF00ADF482 /* Debug */,
				210BD40323FAB8AF00ADF482 /* Release */,
			);
			defaultConfigurationIsVisible = 0;
			defaultConfigurationName = Release;
		};
		210BD40423FAB8AF00ADF482 /* Build configuration list for PBXNativeTarget "sixSampleTests" */ = {
			isa = XCConfigurationList;
			buildConfigurations = (
				210BD40523FAB8AF00ADF482 /* Debug */,
				210BD40623FAB8AF00ADF482 /* Release */,
			);
			defaultConfigurationIsVisible = 0;
			defaultConfigurationName = Release;
		};
		210BD40723FAB8AF00ADF482 /* Build configuration list for PBXNativeTarget "sixSampleUITests" */ = {
			isa = XCConfigurationList;
			buildConfigurations = (
				210BD40823FAB8AF00ADF482 /* Debug */,
				210BD40923FAB8AF00ADF482 /* Release */,
			);
			defaultConfigurationIsVisible = 0;
			defaultConfigurationName = Release;
		};
/* End XCConfigurationList section */
	};
	rootObject = 210BD3CF23FAB8AE00ADF482 /* Project object */;
}
