// !$*UTF8*$!
{
	archiveVersion = 1;
	classes = {
	};
	objectVersion = 51;
	objects = {

/* Begin PBXBuildFile section */
		061968CCD1FF6E1798E2A685 /* Pods_beaverageTests.framework in Frameworks */ = {isa = PBXBuildFile; fileRef = ADEC2E1CD78E67F1163316AA /* Pods_beaverageTests.framework */; };
		21A746FD2425D924003C7677 /* AppDelegate.swift in Sources */ = {isa = PBXBuildFile; fileRef = 21A746FC2425D924003C7677 /* AppDelegate.swift */; };
		21A746FF2425D924003C7677 /* SceneDelegate.swift in Sources */ = {isa = PBXBuildFile; fileRef = 21A746FE2425D924003C7677 /* SceneDelegate.swift */; };
		21A747012425D924003C7677 /* ViewController.swift in Sources */ = {isa = PBXBuildFile; fileRef = 21A747002425D924003C7677 /* ViewController.swift */; };
		21A747042425D924003C7677 /* Main.storyboard in Resources */ = {isa = PBXBuildFile; fileRef = 21A747022425D924003C7677 /* Main.storyboard */; };
		21A747062425D926003C7677 /* Assets.xcassets in Resources */ = {isa = PBXBuildFile; fileRef = 21A747052425D926003C7677 /* Assets.xcassets */; };
		21A747092425D926003C7677 /* LaunchScreen.storyboard in Resources */ = {isa = PBXBuildFile; fileRef = 21A747072425D926003C7677 /* LaunchScreen.storyboard */; };
		21A747142425D926003C7677 /* beaverageTests.swift in Sources */ = {isa = PBXBuildFile; fileRef = 21A747132425D926003C7677 /* beaverageTests.swift */; };
		21A7471F2425DE71003C7677 /* LoginViewController.storyboard in Resources */ = {isa = PBXBuildFile; fileRef = 21A7471E2425DE71003C7677 /* LoginViewController.storyboard */; };
		21A747212425DEB2003C7677 /* LoginViewController.swift in Sources */ = {isa = PBXBuildFile; fileRef = 21A747202425DEB2003C7677 /* LoginViewController.swift */; };
		21A748052426256B003C7677 /* HomeFootView.swift in Sources */ = {isa = PBXBuildFile; fileRef = 21A747AE2426256B003C7677 /* HomeFootView.swift */; };
		21A748062426256B003C7677 /* HomeCell.swift in Sources */ = {isa = PBXBuildFile; fileRef = 21A747AF2426256B003C7677 /* HomeCell.swift */; };
		21A748072426256B003C7677 /* InjectionCode.js in Resources */ = {isa = PBXBuildFile; fileRef = 21A747B12426256B003C7677 /* InjectionCode.js */; };
		21A748082426256B003C7677 /* HomeFootView.xib in Resources */ = {isa = PBXBuildFile; fileRef = 21A747B22426256B003C7677 /* HomeFootView.xib */; };
		21A748092426256B003C7677 /* JianshuRequestModel.swift in Sources */ = {isa = PBXBuildFile; fileRef = 21A747B32426256B003C7677 /* JianshuRequestModel.swift */; };
		21A7480A2426256B003C7677 /* ArticleVC.swift in Sources */ = {isa = PBXBuildFile; fileRef = 21A747B42426256B003C7677 /* ArticleVC.swift */; };
		21A7480B2426256B003C7677 /* HomeVC.swift in Sources */ = {isa = PBXBuildFile; fileRef = 21A747B52426256B003C7677 /* HomeVC.swift */; };
		21A7480C2426256B003C7677 /* HomeFlowLayout.swift in Sources */ = {isa = PBXBuildFile; fileRef = 21A747B62426256B003C7677 /* HomeFlowLayout.swift */; };
		21A7480D2426256B003C7677 /* HomeHeadView.xib in Resources */ = {isa = PBXBuildFile; fileRef = 21A747B72426256B003C7677 /* HomeHeadView.xib */; };
		21A7480E2426256B003C7677 /* JianshuModel.swift in Sources */ = {isa = PBXBuildFile; fileRef = 21A747B82426256B003C7677 /* JianshuModel.swift */; };
		21A7480F2426256B003C7677 /* HomeCell.xib in Resources */ = {isa = PBXBuildFile; fileRef = 21A747B92426256B003C7677 /* HomeCell.xib */; };
		21A748102426256B003C7677 /* HomeHeadView.swift in Sources */ = {isa = PBXBuildFile; fileRef = 21A747BA2426256B003C7677 /* HomeHeadView.swift */; };
		21A748112426256B003C7677 /* Macro.swift in Sources */ = {isa = PBXBuildFile; fileRef = 21A747BB2426256B003C7677 /* Macro.swift */; };
		21A748122426256B003C7677 /* Tools.swift in Sources */ = {isa = PBXBuildFile; fileRef = 21A747BC2426256B003C7677 /* Tools.swift */; };
		21A748162426256B003C7677 /* UIImage+WebP.m in Sources */ = {isa = PBXBuildFile; fileRef = 21A747C32426256B003C7677 /* UIImage+WebP.m */; };
		21A748172426256B003C7677 /* MKAnnotationView+WebCache.m in Sources */ = {isa = PBXBuildFile; fileRef = 21A747C42426256B003C7677 /* MKAnnotationView+WebCache.m */; };
		21A748182426256B003C7677 /* SDWebImageManager.m in Sources */ = {isa = PBXBuildFile; fileRef = 21A747CB2426256B003C7677 /* SDWebImageManager.m */; };
		21A748192426256B003C7677 /* UIImageView+HighlightedWebCache.m in Sources */ = {isa = PBXBuildFile; fileRef = 21A747CD2426256B003C7677 /* UIImageView+HighlightedWebCache.m */; };
		21A7481A2426256B003C7677 /* SDWebImageFrame.m in Sources */ = {isa = PBXBuildFile; fileRef = 21A747CE2426256B003C7677 /* SDWebImageFrame.m */; };
		21A7481B2426256B003C7677 /* UIImage+ForceDecode.m in Sources */ = {isa = PBXBuildFile; fileRef = 21A747D02426256B003C7677 /* UIImage+ForceDecode.m */; };
		21A7481C2426256B003C7677 /* SDWebImageCodersManager.m in Sources */ = {isa = PBXBuildFile; fileRef = 21A747D22426256B003C7677 /* SDWebImageCodersManager.m */; };
		21A7481D2426256B003C7677 /* FLAnimatedImageView+WebCache.m in Sources */ = {isa = PBXBuildFile; fileRef = 21A747D42426256B003C7677 /* FLAnimatedImageView+WebCache.m */; };
		21A7481E2426256B003C7677 /* FLAnimatedImage.m in Sources */ = {isa = PBXBuildFile; fileRef = 21A747D52426256B003C7677 /* FLAnimatedImage.m */; };
		21A7481F2426256B003C7677 /* FLAnimatedImageView.m in Sources */ = {isa = PBXBuildFile; fileRef = 21A747D62426256B003C7677 /* FLAnimatedImageView.m */; };
		21A748202426256B003C7677 /* SDWebImageDownloader.m in Sources */ = {isa = PBXBuildFile; fileRef = 21A747DA2426256B003C7677 /* SDWebImageDownloader.m */; };
		21A748212426256B003C7677 /* UIImage+GIF.m in Sources */ = {isa = PBXBuildFile; fileRef = 21A747DD2426256B003C7677 /* UIImage+GIF.m */; };
		21A748222426256B003C7677 /* UIImage+MultiFormat.m in Sources */ = {isa = PBXBuildFile; fileRef = 21A747DF2426256B003C7677 /* UIImage+MultiFormat.m */; };
		21A748232426256B003C7677 /* SDWebImageCoderHelper.m in Sources */ = {isa = PBXBuildFile; fileRef = 21A747E02426256B003C7677 /* SDWebImageCoderHelper.m */; };
		21A748242426256B003C7677 /* SDWebImageCompat.m in Sources */ = {isa = PBXBuildFile; fileRef = 21A747E12426256B003C7677 /* SDWebImageCompat.m */; };
		21A748252426256B003C7677 /* SDWebImagePrefetcher.m in Sources */ = {isa = PBXBuildFile; fileRef = 21A747E32426256B003C7677 /* SDWebImagePrefetcher.m */; };
		21A748262426256B003C7677 /* SDWebImageCoder.m in Sources */ = {isa = PBXBuildFile; fileRef = 21A747E62426256B003C7677 /* SDWebImageCoder.m */; };
		21A748272426256B003C7677 /* NSButton+WebCache.m in Sources */ = {isa = PBXBuildFile; fileRef = 21A747E72426256B003C7677 /* NSButton+WebCache.m */; };
		21A748282426256B003C7677 /* SDAnimatedImageRep.m in Sources */ = {isa = PBXBuildFile; fileRef = 21A747EA2426256B003C7677 /* SDAnimatedImageRep.m */; };
		21A748292426256B003C7677 /* SDImageCache.m in Sources */ = {isa = PBXBuildFile; fileRef = 21A747EB2426256B003C7677 /* SDImageCache.m */; };
		21A7482A2426256B003C7677 /* SDWebImageDownloaderOperation.m in Sources */ = {isa = PBXBuildFile; fileRef = 21A747EE2426256B003C7677 /* SDWebImageDownloaderOperation.m */; };
		21A7482B2426256B003C7677 /* SDWebImageTransition.m in Sources */ = {isa = PBXBuildFile; fileRef = 21A747EF2426256B003C7677 /* SDWebImageTransition.m */; };
		21A7482C2426256B003C7677 /* NSData+ImageContentType.m in Sources */ = {isa = PBXBuildFile; fileRef = 21A747F12426256B003C7677 /* NSData+ImageContentType.m */; };
		21A7482D2426256B003C7677 /* UIImageView+WebCache.m in Sources */ = {isa = PBXBuildFile; fileRef = 21A747F22426256B003C7677 /* UIImageView+WebCache.m */; };
		21A7482E2426256B003C7677 /* NSImage+WebCache.m in Sources */ = {isa = PBXBuildFile; fileRef = 21A747F42426256B003C7677 /* NSImage+WebCache.m */; };
		21A7482F2426256B003C7677 /* SDWebImageGIFCoder.m in Sources */ = {isa = PBXBuildFile; fileRef = 21A747F52426256B003C7677 /* SDWebImageGIFCoder.m */; };
		21A748302426256B003C7677 /* SDImageCacheConfig.m in Sources */ = {isa = PBXBuildFile; fileRef = 21A747F72426256B003C7677 /* SDImageCacheConfig.m */; };
		21A748312426256B003C7677 /* UIView+WebCacheOperation.m in Sources */ = {isa = PBXBuildFile; fileRef = 21A747FA2426256B003C7677 /* UIView+WebCacheOperation.m */; };
		21A748322426256B003C7677 /* UIView+WebCache.m in Sources */ = {isa = PBXBuildFile; fileRef = 21A747FB2426256B003C7677 /* UIView+WebCache.m */; };
		21A748332426256B003C7677 /* SDWebImageImageIOCoder.m in Sources */ = {isa = PBXBuildFile; fileRef = 21A747FD2426256B003C7677 /* SDWebImageImageIOCoder.m */; };
		21A748342426256B003C7677 /* UIButton+WebCache.m in Sources */ = {isa = PBXBuildFile; fileRef = 21A748012426256B003C7677 /* UIButton+WebCache.m */; };
		21A748352426256B003C7677 /* SDWebImageWebPCoder.m in Sources */ = {isa = PBXBuildFile; fileRef = 21A748022426256B003C7677 /* SDWebImageWebPCoder.m */; };
		21A7483924276449003C7677 /* CollectionHeaderView.xib in Resources */ = {isa = PBXBuildFile; fileRef = 21A7483824276449003C7677 /* CollectionHeaderView.xib */; };
		21A7483B24276486003C7677 /* CollectionHeaderView.swift in Sources */ = {isa = PBXBuildFile; fileRef = 21A7483A24276486003C7677 /* CollectionHeaderView.swift */; };
		21FAE6CE2427D5A60088C4B0 /* TopViewController.swift in Sources */ = {isa = PBXBuildFile; fileRef = 21FAE6CD2427D5A60088C4B0 /* TopViewController.swift */; };
		21FAE6D22427D9EB0088C4B0 /* DarkView.xib in Resources */ = {isa = PBXBuildFile; fileRef = 21FAE6D12427D9EB0088C4B0 /* DarkView.xib */; };
		21FAE6D42427DA2B0088C4B0 /* DarkView.swift in Sources */ = {isa = PBXBuildFile; fileRef = 21FAE6D32427DA2B0088C4B0 /* DarkView.swift */; };
		D34206D823FC6E7DACF3352A /* Pods_beaverage.framework in Frameworks */ = {isa = PBXBuildFile; fileRef = C6B46BC3A09F0D0A64269245 /* Pods_beaverage.framework */; };
/* End PBXBuildFile section */

/* Begin PBXContainerItemProxy section */
		21A747102425D926003C7677 /* PBXContainerItemProxy */ = {
			isa = PBXContainerItemProxy;
			containerPortal = 21A746F12425D924003C7677 /* Project object */;
			proxyType = 1;
			remoteGlobalIDString = 21A746F82425D924003C7677;
			remoteInfo = beaverage;
		};
/* End PBXContainerItemProxy section */

/* Begin PBXFileReference section */
		21A746F92425D924003C7677 /* beaverage.app */ = {isa = PBXFileReference; explicitFileType = wrapper.application; includeInIndex = 0; path = beaverage.app; sourceTree = BUILT_PRODUCTS_DIR; };
		21A746FC2425D924003C7677 /* AppDelegate.swift */ = {isa = PBXFileReference; lastKnownFileType = sourcecode.swift; path = AppDelegate.swift; sourceTree = "<group>"; };
		21A746FE2425D924003C7677 /* SceneDelegate.swift */ = {isa = PBXFileReference; lastKnownFileType = sourcecode.swift; path = SceneDelegate.swift; sourceTree = "<group>"; };
		21A747002425D924003C7677 /* ViewController.swift */ = {isa = PBXFileReference; lastKnownFileType = sourcecode.swift; path = ViewController.swift; sourceTree = "<group>"; };
		21A747032425D924003C7677 /* Base */ = {isa = PBXFileReference; lastKnownFileType = file.storyboard; name = Base; path = Base.lproj/Main.storyboard; sourceTree = "<group>"; };
		21A747052425D926003C7677 /* Assets.xcassets */ = {isa = PBXFileReference; lastKnownFileType = folder.assetcatalog; path = Assets.xcassets; sourceTree = "<group>"; };
		21A747082425D926003C7677 /* Base */ = {isa = PBXFileReference; lastKnownFileType = file.storyboard; name = Base; path = Base.lproj/LaunchScreen.storyboard; sourceTree = "<group>"; };
		21A7470A2425D926003C7677 /* Info.plist */ = {isa = PBXFileReference; lastKnownFileType = text.plist.xml; path = Info.plist; sourceTree = "<group>"; };
		21A7470F2425D926003C7677 /* beaverageTests.xctest */ = {isa = PBXFileReference; explicitFileType = wrapper.cfbundle; includeInIndex = 0; path = beaverageTests.xctest; sourceTree = BUILT_PRODUCTS_DIR; };
		21A747132425D926003C7677 /* beaverageTests.swift */ = {isa = PBXFileReference; lastKnownFileType = sourcecode.swift; path = beaverageTests.swift; sourceTree = "<group>"; };
		21A747152425D926003C7677 /* Info.plist */ = {isa = PBXFileReference; lastKnownFileType = text.plist.xml; path = Info.plist; sourceTree = "<group>"; };
		21A7471E2425DE71003C7677 /* LoginViewController.storyboard */ = {isa = PBXFileReference; lastKnownFileType = file.storyboard; path = LoginViewController.storyboard; sourceTree = "<group>"; };
		21A747202425DEB2003C7677 /* LoginViewController.swift */ = {isa = PBXFileReference; lastKnownFileType = sourcecode.swift; path = LoginViewController.swift; sourceTree = "<group>"; };
		21A747AE2426256B003C7677 /* HomeFootView.swift */ = {isa = PBXFileReference; fileEncoding = 4; lastKnownFileType = sourcecode.swift; path = HomeFootView.swift; sourceTree = "<group>"; };
		21A747AF2426256B003C7677 /* HomeCell.swift */ = {isa = PBXFileReference; fileEncoding = 4; lastKnownFileType = sourcecode.swift; path = HomeCell.swift; sourceTree = "<group>"; };
		21A747B12426256B003C7677 /* InjectionCode.js */ = {isa = PBXFileReference; fileEncoding = 4; lastKnownFileType = sourcecode.javascript; path = InjectionCode.js; sourceTree = "<group>"; };
		21A747B22426256B003C7677 /* HomeFootView.xib */ = {isa = PBXFileReference; fileEncoding = 4; lastKnownFileType = file.xib; path = HomeFootView.xib; sourceTree = "<group>"; };
		21A747B32426256B003C7677 /* JianshuRequestModel.swift */ = {isa = PBXFileReference; fileEncoding = 4; lastKnownFileType = sourcecode.swift; path = JianshuRequestModel.swift; sourceTree = "<group>"; };
		21A747B42426256B003C7677 /* ArticleVC.swift */ = {isa = PBXFileReference; fileEncoding = 4; lastKnownFileType = sourcecode.swift; path = ArticleVC.swift; sourceTree = "<group>"; };
		21A747B52426256B003C7677 /* HomeVC.swift */ = {isa = PBXFileReference; fileEncoding = 4; lastKnownFileType = sourcecode.swift; path = HomeVC.swift; sourceTree = "<group>"; };
		21A747B62426256B003C7677 /* HomeFlowLayout.swift */ = {isa = PBXFileReference; fileEncoding = 4; lastKnownFileType = sourcecode.swift; path = HomeFlowLayout.swift; sourceTree = "<group>"; };
		21A747B72426256B003C7677 /* HomeHeadView.xib */ = {isa = PBXFileReference; fileEncoding = 4; lastKnownFileType = file.xib; path = HomeHeadView.xib; sourceTree = "<group>"; };
		21A747B82426256B003C7677 /* JianshuModel.swift */ = {isa = PBXFileReference; fileEncoding = 4; lastKnownFileType = sourcecode.swift; path = JianshuModel.swift; sourceTree = "<group>"; };
		21A747B92426256B003C7677 /* HomeCell.xib */ = {isa = PBXFileReference; fileEncoding = 4; lastKnownFileType = file.xib; path = HomeCell.xib; sourceTree = "<group>"; };
		21A747BA2426256B003C7677 /* HomeHeadView.swift */ = {isa = PBXFileReference; fileEncoding = 4; lastKnownFileType = sourcecode.swift; path = HomeHeadView.swift; sourceTree = "<group>"; };
		21A747BB2426256B003C7677 /* Macro.swift */ = {isa = PBXFileReference; fileEncoding = 4; lastKnownFileType = sourcecode.swift; path = Macro.swift; sourceTree = "<group>"; };
		21A747BC2426256B003C7677 /* Tools.swift */ = {isa = PBXFileReference; fileEncoding = 4; lastKnownFileType = sourcecode.swift; path = Tools.swift; sourceTree = "<group>"; };
		21A747C22426256B003C7677 /* SDAnimatedImageRep.h */ = {isa = PBXFileReference; fileEncoding = 4; lastKnownFileType = sourcecode.c.h; path = SDAnimatedImageRep.h; sourceTree = "<group>"; };
		21A747C32426256B003C7677 /* UIImage+WebP.m */ = {isa = PBXFileReference; fileEncoding = 4; lastKnownFileType = sourcecode.c.objc; path = "UIImage+WebP.m"; sourceTree = "<group>"; };
		21A747C42426256B003C7677 /* MKAnnotationView+WebCache.m */ = {isa = PBXFileReference; fileEncoding = 4; lastKnownFileType = sourcecode.c.objc; path = "MKAnnotationView+WebCache.m"; sourceTree = "<group>"; };
		21A747C52426256B003C7677 /* NSButton+WebCache.h */ = {isa = PBXFileReference; fileEncoding = 4; lastKnownFileType = sourcecode.c.h; path = "NSButton+WebCache.h"; sourceTree = "<group>"; };
		21A747C62426256B003C7677 /* SDWebImageCoder.h */ = {isa = PBXFileReference; fileEncoding = 4; lastKnownFileType = sourcecode.c.h; path = SDWebImageCoder.h; sourceTree = "<group>"; };
		21A747C72426256B003C7677 /* NSImage+WebCache.h */ = {isa = PBXFileReference; fileEncoding = 4; lastKnownFileType = sourcecode.c.h; path = "NSImage+WebCache.h"; sourceTree = "<group>"; };
		21A747C82426256B003C7677 /* UIImageView+WebCache.h */ = {isa = PBXFileReference; fileEncoding = 4; lastKnownFileType = sourcecode.c.h; path = "UIImageView+WebCache.h"; sourceTree = "<group>"; };
		21A747C92426256B003C7677 /* NSData+ImageContentType.h */ = {isa = PBXFileReference; fileEncoding = 4; lastKnownFileType = sourcecode.c.h; path = "NSData+ImageContentType.h"; sourceTree = "<group>"; };
		21A747CA2426256B003C7677 /* SDWebImageTransition.h */ = {isa = PBXFileReference; fileEncoding = 4; lastKnownFileType = sourcecode.c.h; path = SDWebImageTransition.h; sourceTree = "<group>"; };
		21A747CB2426256B003C7677 /* SDWebImageManager.m */ = {isa = PBXFileReference; fileEncoding = 4; lastKnownFileType = sourcecode.c.objc; path = SDWebImageManager.m; sourceTree = "<group>"; };
		21A747CC2426256B003C7677 /* SDWebImageDownloaderOperation.h */ = {isa = PBXFileReference; fileEncoding = 4; lastKnownFileType = sourcecode.c.h; path = SDWebImageDownloaderOperation.h; sourceTree = "<group>"; };
		21A747CD2426256B003C7677 /* UIImageView+HighlightedWebCache.m */ = {isa = PBXFileReference; fileEncoding = 4; lastKnownFileType = sourcecode.c.objc; path = "UIImageView+HighlightedWebCache.m"; sourceTree = "<group>"; };
		21A747CE2426256B003C7677 /* SDWebImageFrame.m */ = {isa = PBXFileReference; fileEncoding = 4; lastKnownFileType = sourcecode.c.objc; path = SDWebImageFrame.m; sourceTree = "<group>"; };
		21A747CF2426256B003C7677 /* SDImageCache.h */ = {isa = PBXFileReference; fileEncoding = 4; lastKnownFileType = sourcecode.c.h; path = SDImageCache.h; sourceTree = "<group>"; };
		21A747D02426256B003C7677 /* UIImage+ForceDecode.m */ = {isa = PBXFileReference; fileEncoding = 4; lastKnownFileType = sourcecode.c.objc; path = "UIImage+ForceDecode.m"; sourceTree = "<group>"; };
		21A747D12426256B003C7677 /* SDImageCacheConfig.h */ = {isa = PBXFileReference; fileEncoding = 4; lastKnownFileType = sourcecode.c.h; path = SDImageCacheConfig.h; sourceTree = "<group>"; };
		21A747D22426256B003C7677 /* SDWebImageCodersManager.m */ = {isa = PBXFileReference; fileEncoding = 4; lastKnownFileType = sourcecode.c.objc; path = SDWebImageCodersManager.m; sourceTree = "<group>"; };
		21A747D42426256B003C7677 /* FLAnimatedImageView+WebCache.m */ = {isa = PBXFileReference; fileEncoding = 4; lastKnownFileType = sourcecode.c.objc; path = "FLAnimatedImageView+WebCache.m"; sourceTree = "<group>"; };
		21A747D52426256B003C7677 /* FLAnimatedImage.m */ = {isa = PBXFileReference; fileEncoding = 4; lastKnownFileType = sourcecode.c.objc; path = FLAnimatedImage.m; sourceTree = "<group>"; };
		21A747D62426256B003C7677 /* FLAnimatedImageView.m */ = {isa = PBXFileReference; fileEncoding = 4; lastKnownFileType = sourcecode.c.objc; path = FLAnimatedImageView.m; sourceTree = "<group>"; };
		21A747D72426256B003C7677 /* FLAnimatedImageView+WebCache.h */ = {isa = PBXFileReference; fileEncoding = 4; lastKnownFileType = sourcecode.c.h; path = "FLAnimatedImageView+WebCache.h"; sourceTree = "<group>"; };
		21A747D82426256B003C7677 /* FLAnimatedImage.h */ = {isa = PBXFileReference; fileEncoding = 4; lastKnownFileType = sourcecode.c.h; path = FLAnimatedImage.h; sourceTree = "<group>"; };
		21A747D92426256B003C7677 /* FLAnimatedImageView.h */ = {isa = PBXFileReference; fileEncoding = 4; lastKnownFileType = sourcecode.c.h; path = FLAnimatedImageView.h; sourceTree = "<group>"; };
		21A747DA2426256B003C7677 /* SDWebImageDownloader.m */ = {isa = PBXFileReference; fileEncoding = 4; lastKnownFileType = sourcecode.c.objc; path = SDWebImageDownloader.m; sourceTree = "<group>"; };
		21A747DB2426256B003C7677 /* SDWebImageGIFCoder.h */ = {isa = PBXFileReference; fileEncoding = 4; lastKnownFileType = sourcecode.c.h; path = SDWebImageGIFCoder.h; sourceTree = "<group>"; };
		21A747DC2426256B003C7677 /* SDWebImageWebPCoder.h */ = {isa = PBXFileReference; fileEncoding = 4; lastKnownFileType = sourcecode.c.h; path = SDWebImageWebPCoder.h; sourceTree = "<group>"; };
		21A747DD2426256B003C7677 /* UIImage+GIF.m */ = {isa = PBXFileReference; fileEncoding = 4; lastKnownFileType = sourcecode.c.objc; path = "UIImage+GIF.m"; sourceTree = "<group>"; };
		21A747DE2426256B003C7677 /* UIButton+WebCache.h */ = {isa = PBXFileReference; fileEncoding = 4; lastKnownFileType = sourcecode.c.h; path = "UIButton+WebCache.h"; sourceTree = "<group>"; };
		21A747DF2426256B003C7677 /* UIImage+MultiFormat.m */ = {isa = PBXFileReference; fileEncoding = 4; lastKnownFileType = sourcecode.c.objc; path = "UIImage+MultiFormat.m"; sourceTree = "<group>"; };
		21A747E02426256B003C7677 /* SDWebImageCoderHelper.m */ = {isa = PBXFileReference; fileEncoding = 4; lastKnownFileType = sourcecode.c.objc; path = SDWebImageCoderHelper.m; sourceTree = "<group>"; };
		21A747E12426256B003C7677 /* SDWebImageCompat.m */ = {isa = PBXFileReference; fileEncoding = 4; lastKnownFileType = sourcecode.c.objc; path = SDWebImageCompat.m; sourceTree = "<group>"; };
		21A747E22426256B003C7677 /* SDWebImageImageIOCoder.h */ = {isa = PBXFileReference; fileEncoding = 4; lastKnownFileType = sourcecode.c.h; path = SDWebImageImageIOCoder.h; sourceTree = "<group>"; };
		21A747E32426256B003C7677 /* SDWebImagePrefetcher.m */ = {isa = PBXFileReference; fileEncoding = 4; lastKnownFileType = sourcecode.c.objc; path = SDWebImagePrefetcher.m; sourceTree = "<group>"; };
		21A747E42426256B003C7677 /* UIView+WebCache.h */ = {isa = PBXFileReference; fileEncoding = 4; lastKnownFileType = sourcecode.c.h; path = "UIView+WebCache.h"; sourceTree = "<group>"; };
		21A747E52426256B003C7677 /* UIView+WebCacheOperation.h */ = {isa = PBXFileReference; fileEncoding = 4; lastKnownFileType = sourcecode.c.h; path = "UIView+WebCacheOperation.h"; sourceTree = "<group>"; };
		21A747E62426256B003C7677 /* SDWebImageCoder.m */ = {isa = PBXFileReference; fileEncoding = 4; lastKnownFileType = sourcecode.c.objc; path = SDWebImageCoder.m; sourceTree = "<group>"; };
		21A747E72426256B003C7677 /* NSButton+WebCache.m */ = {isa = PBXFileReference; fileEncoding = 4; lastKnownFileType = sourcecode.c.objc; path = "NSButton+WebCache.m"; sourceTree = "<group>"; };
		21A747E82426256B003C7677 /* MKAnnotationView+WebCache.h */ = {isa = PBXFileReference; fileEncoding = 4; lastKnownFileType = sourcecode.c.h; path = "MKAnnotationView+WebCache.h"; sourceTree = "<group>"; };
		21A747E92426256B003C7677 /* UIImage+WebP.h */ = {isa = PBXFileReference; fileEncoding = 4; lastKnownFileType = sourcecode.c.h; path = "UIImage+WebP.h"; sourceTree = "<group>"; };
		21A747EA2426256B003C7677 /* SDAnimatedImageRep.m */ = {isa = PBXFileReference; fileEncoding = 4; lastKnownFileType = sourcecode.c.objc; path = SDAnimatedImageRep.m; sourceTree = "<group>"; };
		21A747EB2426256B003C7677 /* SDImageCache.m */ = {isa = PBXFileReference; fileEncoding = 4; lastKnownFileType = sourcecode.c.objc; path = SDImageCache.m; sourceTree = "<group>"; };
		21A747EC2426256B003C7677 /* SDWebImageFrame.h */ = {isa = PBXFileReference; fileEncoding = 4; lastKnownFileType = sourcecode.c.h; path = SDWebImageFrame.h; sourceTree = "<group>"; };
		21A747ED2426256B003C7677 /* UIImageView+HighlightedWebCache.h */ = {isa = PBXFileReference; fileEncoding = 4; lastKnownFileType = sourcecode.c.h; path = "UIImageView+HighlightedWebCache.h"; sourceTree = "<group>"; };
		21A747EE2426256B003C7677 /* SDWebImageDownloaderOperation.m */ = {isa = PBXFileReference; fileEncoding = 4; lastKnownFileType = sourcecode.c.objc; path = SDWebImageDownloaderOperation.m; sourceTree = "<group>"; };
		21A747EF2426256B003C7677 /* SDWebImageTransition.m */ = {isa = PBXFileReference; fileEncoding = 4; lastKnownFileType = sourcecode.c.objc; path = SDWebImageTransition.m; sourceTree = "<group>"; };
		21A747F02426256B003C7677 /* SDWebImageManager.h */ = {isa = PBXFileReference; fileEncoding = 4; lastKnownFileType = sourcecode.c.h; path = SDWebImageManager.h; sourceTree = "<group>"; };
		21A747F12426256B003C7677 /* NSData+ImageContentType.m */ = {isa = PBXFileReference; fileEncoding = 4; lastKnownFileType = sourcecode.c.objc; path = "NSData+ImageContentType.m"; sourceTree = "<group>"; };
		21A747F22426256B003C7677 /* UIImageView+WebCache.m */ = {isa = PBXFileReference; fileEncoding = 4; lastKnownFileType = sourcecode.c.objc; path = "UIImageView+WebCache.m"; sourceTree = "<group>"; };
		21A747F32426256B003C7677 /* SDWebImageOperation.h */ = {isa = PBXFileReference; fileEncoding = 4; lastKnownFileType = sourcecode.c.h; path = SDWebImageOperation.h; sourceTree = "<group>"; };
		21A747F42426256B003C7677 /* NSImage+WebCache.m */ = {isa = PBXFileReference; fileEncoding = 4; lastKnownFileType = sourcecode.c.objc; path = "NSImage+WebCache.m"; sourceTree = "<group>"; };
		21A747F52426256B003C7677 /* SDWebImageGIFCoder.m */ = {isa = PBXFileReference; fileEncoding = 4; lastKnownFileType = sourcecode.c.objc; path = SDWebImageGIFCoder.m; sourceTree = "<group>"; };
		21A747F62426256B003C7677 /* SDWebImageDownloader.h */ = {isa = PBXFileReference; fileEncoding = 4; lastKnownFileType = sourcecode.c.h; path = SDWebImageDownloader.h; sourceTree = "<group>"; };
		21A747F72426256B003C7677 /* SDImageCacheConfig.m */ = {isa = PBXFileReference; fileEncoding = 4; lastKnownFileType = sourcecode.c.objc; path = SDImageCacheConfig.m; sourceTree = "<group>"; };
		21A747F82426256B003C7677 /* SDWebImageCodersManager.h */ = {isa = PBXFileReference; fileEncoding = 4; lastKnownFileType = sourcecode.c.h; path = SDWebImageCodersManager.h; sourceTree = "<group>"; };
		21A747F92426256B003C7677 /* UIImage+ForceDecode.h */ = {isa = PBXFileReference; fileEncoding = 4; lastKnownFileType = sourcecode.c.h; path = "UIImage+ForceDecode.h"; sourceTree = "<group>"; };
		21A747FA2426256B003C7677 /* UIView+WebCacheOperation.m */ = {isa = PBXFileReference; fileEncoding = 4; lastKnownFileType = sourcecode.c.objc; path = "UIView+WebCacheOperation.m"; sourceTree = "<group>"; };
		21A747FB2426256B003C7677 /* UIView+WebCache.m */ = {isa = PBXFileReference; fileEncoding = 4; lastKnownFileType = sourcecode.c.objc; path = "UIView+WebCache.m"; sourceTree = "<group>"; };
		21A747FC2426256B003C7677 /* SDWebImagePrefetcher.h */ = {isa = PBXFileReference; fileEncoding = 4; lastKnownFileType = sourcecode.c.h; path = SDWebImagePrefetcher.h; sourceTree = "<group>"; };
		21A747FD2426256B003C7677 /* SDWebImageImageIOCoder.m */ = {isa = PBXFileReference; fileEncoding = 4; lastKnownFileType = sourcecode.c.objc; path = SDWebImageImageIOCoder.m; sourceTree = "<group>"; };
		21A747FE2426256B003C7677 /* SDWebImageCompat.h */ = {isa = PBXFileReference; fileEncoding = 4; lastKnownFileType = sourcecode.c.h; path = SDWebImageCompat.h; sourceTree = "<group>"; };
		21A747FF2426256B003C7677 /* SDWebImageCoderHelper.h */ = {isa = PBXFileReference; fileEncoding = 4; lastKnownFileType = sourcecode.c.h; path = SDWebImageCoderHelper.h; sourceTree = "<group>"; };
		21A748002426256B003C7677 /* UIImage+MultiFormat.h */ = {isa = PBXFileReference; fileEncoding = 4; lastKnownFileType = sourcecode.c.h; path = "UIImage+MultiFormat.h"; sourceTree = "<group>"; };
		21A748012426256B003C7677 /* UIButton+WebCache.m */ = {isa = PBXFileReference; fileEncoding = 4; lastKnownFileType = sourcecode.c.objc; path = "UIButton+WebCache.m"; sourceTree = "<group>"; };
		21A748022426256B003C7677 /* SDWebImageWebPCoder.m */ = {isa = PBXFileReference; fileEncoding = 4; lastKnownFileType = sourcecode.c.objc; path = SDWebImageWebPCoder.m; sourceTree = "<group>"; };
		21A748032426256B003C7677 /* UIImage+GIF.h */ = {isa = PBXFileReference; fileEncoding = 4; lastKnownFileType = sourcecode.c.h; path = "UIImage+GIF.h"; sourceTree = "<group>"; };
		21A748042426256B003C7677 /* Bridging-Header.h */ = {isa = PBXFileReference; fileEncoding = 4; lastKnownFileType = sourcecode.c.h; path = "Bridging-Header.h"; sourceTree = "<group>"; };
		21A7483824276449003C7677 /* CollectionHeaderView.xib */ = {isa = PBXFileReference; lastKnownFileType = file.xib; path = CollectionHeaderView.xib; sourceTree = "<group>"; };
		21A7483A24276486003C7677 /* CollectionHeaderView.swift */ = {isa = PBXFileReference; lastKnownFileType = sourcecode.swift; path = CollectionHeaderView.swift; sourceTree = "<group>"; };
		21FAE6CD2427D5A60088C4B0 /* TopViewController.swift */ = {isa = PBXFileReference; lastKnownFileType = sourcecode.swift; path = TopViewController.swift; sourceTree = "<group>"; };
		21FAE6D12427D9EB0088C4B0 /* DarkView.xib */ = {isa = PBXFileReference; lastKnownFileType = file.xib; path = DarkView.xib; sourceTree = "<group>"; };
		21FAE6D32427DA2B0088C4B0 /* DarkView.swift */ = {isa = PBXFileReference; lastKnownFileType = sourcecode.swift; path = DarkView.swift; sourceTree = "<group>"; };
		2E43B2C84D88997E347E8C2C /* Pods-beaverageTests.release.xcconfig */ = {isa = PBXFileReference; includeInIndex = 1; lastKnownFileType = text.xcconfig; name = "Pods-beaverageTests.release.xcconfig"; path = "Target Support Files/Pods-beaverageTests/Pods-beaverageTests.release.xcconfig"; sourceTree = "<group>"; };
		6AACC42C7EA6AA8B33D17A9A /* Pods-beaverage.debug.xcconfig */ = {isa = PBXFileReference; includeInIndex = 1; lastKnownFileType = text.xcconfig; name = "Pods-beaverage.debug.xcconfig"; path = "Target Support Files/Pods-beaverage/Pods-beaverage.debug.xcconfig"; sourceTree = "<group>"; };
		ADEC2E1CD78E67F1163316AA /* Pods_beaverageTests.framework */ = {isa = PBXFileReference; explicitFileType = wrapper.framework; includeInIndex = 0; path = Pods_beaverageTests.framework; sourceTree = BUILT_PRODUCTS_DIR; };
		C6B46BC3A09F0D0A64269245 /* Pods_beaverage.framework */ = {isa = PBXFileReference; explicitFileType = wrapper.framework; includeInIndex = 0; path = Pods_beaverage.framework; sourceTree = BUILT_PRODUCTS_DIR; };
		EDA4989957D2BE886BC269A2 /* Pods-beaverageTests.debug.xcconfig */ = {isa = PBXFileReference; includeInIndex = 1; lastKnownFileType = text.xcconfig; name = "Pods-beaverageTests.debug.xcconfig"; path = "Target Support Files/Pods-beaverageTests/Pods-beaverageTests.debug.xcconfig"; sourceTree = "<group>"; };
		FBBAA06C4373129EDF3CD565 /* Pods-beaverage.release.xcconfig */ = {isa = PBXFileReference; includeInIndex = 1; lastKnownFileType = text.xcconfig; name = "Pods-beaverage.release.xcconfig"; path = "Target Support Files/Pods-beaverage/Pods-beaverage.release.xcconfig"; sourceTree = "<group>"; };
/* End PBXFileReference section */

/* Begin PBXFrameworksBuildPhase section */
		21A746F62425D924003C7677 /* Frameworks */ = {
			isa = PBXFrameworksBuildPhase;
			buildActionMask = 2147483647;
			files = (
				D34206D823FC6E7DACF3352A /* Pods_beaverage.framework in Frameworks */,
			);
			runOnlyForDeploymentPostprocessing = 0;
		};
		21A7470C2425D926003C7677 /* Frameworks */ = {
			isa = PBXFrameworksBuildPhase;
			buildActionMask = 2147483647;
			files = (
				061968CCD1FF6E1798E2A685 /* Pods_beaverageTests.framework in Frameworks */,
			);
			runOnlyForDeploymentPostprocessing = 0;
		};
/* End PBXFrameworksBuildPhase section */

/* Begin PBXGroup section */
		1968E9590136E3D652B98C49 /* Pods */ = {
			isa = PBXGroup;
			children = (
				6AACC42C7EA6AA8B33D17A9A /* Pods-beaverage.debug.xcconfig */,
				FBBAA06C4373129EDF3CD565 /* Pods-beaverage.release.xcconfig */,
				EDA4989957D2BE886BC269A2 /* Pods-beaverageTests.debug.xcconfig */,
				2E43B2C84D88997E347E8C2C /* Pods-beaverageTests.release.xcconfig */,
			);
			path = Pods;
			sourceTree = "<group>";
		};
		21A746F02425D924003C7677 = {
			isa = PBXGroup;
			children = (
				21A746FB2425D924003C7677 /* beaverage */,
				21A747122425D926003C7677 /* beaverageTests */,
				21A746FA2425D924003C7677 /* Products */,
				1968E9590136E3D652B98C49 /* Pods */,
				807D3A9B9393023881A82887 /* Frameworks */,
			);
			sourceTree = "<group>";
		};
		21A746FA2425D924003C7677 /* Products */ = {
			isa = PBXGroup;
			children = (
				21A746F92425D924003C7677 /* beaverage.app */,
				21A7470F2425D926003C7677 /* beaverageTests.xctest */,
			);
			name = Products;
			sourceTree = "<group>";
		};
		21A746FB2425D924003C7677 /* beaverage */ = {
			isa = PBXGroup;
			children = (
				21A747AC2426256B003C7677 /* Menu */,
				21A747202425DEB2003C7677 /* LoginViewController.swift */,
				21A7471E2425DE71003C7677 /* LoginViewController.storyboard */,
				21A746FC2425D924003C7677 /* AppDelegate.swift */,
				21A746FE2425D924003C7677 /* SceneDelegate.swift */,
				21A747002425D924003C7677 /* ViewController.swift */,
				21A747022425D924003C7677 /* Main.storyboard */,
				21A747052425D926003C7677 /* Assets.xcassets */,
				21A747072425D926003C7677 /* LaunchScreen.storyboard */,
				21A7470A2425D926003C7677 /* Info.plist */,
			);
			path = beaverage;
			sourceTree = "<group>";
		};
		21A747122425D926003C7677 /* beaverageTests */ = {
			isa = PBXGroup;
			children = (
				21A747132425D926003C7677 /* beaverageTests.swift */,
				21A747152425D926003C7677 /* Info.plist */,
			);
			path = beaverageTests;
			sourceTree = "<group>";
		};
		21A747AC2426256B003C7677 /* Menu */ = {
			isa = PBXGroup;
			children = (
				21A747AD2426256B003C7677 /* Home */,
				21A747BB2426256B003C7677 /* Macro.swift */,
				21A747BC2426256B003C7677 /* Tools.swift */,
				21A747C12426256B003C7677 /* SDWebImage */,
				21A748042426256B003C7677 /* Bridging-Header.h */,
			);
			path = Menu;
			sourceTree = "<group>";
		};
		21A747AD2426256B003C7677 /* Home */ = {
			isa = PBXGroup;
			children = (
				21A747AE2426256B003C7677 /* HomeFootView.swift */,
				21A747AF2426256B003C7677 /* HomeCell.swift */,
				21A747B02426256B003C7677 /* Resources */,
				21A747B22426256B003C7677 /* HomeFootView.xib */,
				21A747B32426256B003C7677 /* JianshuRequestModel.swift */,
				21A747B42426256B003C7677 /* ArticleVC.swift */,
				21A747B52426256B003C7677 /* HomeVC.swift */,
				21A747B62426256B003C7677 /* HomeFlowLayout.swift */,
				21A747B72426256B003C7677 /* HomeHeadView.xib */,
				21A747B82426256B003C7677 /* JianshuModel.swift */,
				21A747B92426256B003C7677 /* HomeCell.xib */,
				21A747BA2426256B003C7677 /* HomeHeadView.swift */,
				21A7483824276449003C7677 /* CollectionHeaderView.xib */,
				21A7483A24276486003C7677 /* CollectionHeaderView.swift */,
				21FAE6CD2427D5A60088C4B0 /* TopViewController.swift */,
				21FAE6D12427D9EB0088C4B0 /* DarkView.xib */,
				21FAE6D32427DA2B0088C4B0 /* DarkView.swift */,
			);
			path = Home;
			sourceTree = "<group>";
		};
		21A747B02426256B003C7677 /* Resources */ = {
			isa = PBXGroup;
			children = (
				21A747B12426256B003C7677 /* InjectionCode.js */,
			);
			path = Resources;
			sourceTree = "<group>";
		};
		21A747C12426256B003C7677 /* SDWebImage */ = {
			isa = PBXGroup;
			children = (
				21A747C22426256B003C7677 /* SDAnimatedImageRep.h */,
				21A747C32426256B003C7677 /* UIImage+WebP.m */,
				21A747C42426256B003C7677 /* MKAnnotationView+WebCache.m */,
				21A747C52426256B003C7677 /* NSButton+WebCache.h */,
				21A747C62426256B003C7677 /* SDWebImageCoder.h */,
				21A747C72426256B003C7677 /* NSImage+WebCache.h */,
				21A747C82426256B003C7677 /* UIImageView+WebCache.h */,
				21A747C92426256B003C7677 /* NSData+ImageContentType.h */,
				21A747CA2426256B003C7677 /* SDWebImageTransition.h */,
				21A747CB2426256B003C7677 /* SDWebImageManager.m */,
				21A747CC2426256B003C7677 /* SDWebImageDownloaderOperation.h */,
				21A747CD2426256B003C7677 /* UIImageView+HighlightedWebCache.m */,
				21A747CE2426256B003C7677 /* SDWebImageFrame.m */,
				21A747CF2426256B003C7677 /* SDImageCache.h */,
				21A747D02426256B003C7677 /* UIImage+ForceDecode.m */,
				21A747D12426256B003C7677 /* SDImageCacheConfig.h */,
				21A747D22426256B003C7677 /* SDWebImageCodersManager.m */,
				21A747D32426256B003C7677 /* FLAnimatedImage */,
				21A747DA2426256B003C7677 /* SDWebImageDownloader.m */,
				21A747DB2426256B003C7677 /* SDWebImageGIFCoder.h */,
				21A747DC2426256B003C7677 /* SDWebImageWebPCoder.h */,
				21A747DD2426256B003C7677 /* UIImage+GIF.m */,
				21A747DE2426256B003C7677 /* UIButton+WebCache.h */,
				21A747DF2426256B003C7677 /* UIImage+MultiFormat.m */,
				21A747E02426256B003C7677 /* SDWebImageCoderHelper.m */,
				21A747E12426256B003C7677 /* SDWebImageCompat.m */,
				21A747E22426256B003C7677 /* SDWebImageImageIOCoder.h */,
				21A747E32426256B003C7677 /* SDWebImagePrefetcher.m */,
				21A747E42426256B003C7677 /* UIView+WebCache.h */,
				21A747E52426256B003C7677 /* UIView+WebCacheOperation.h */,
				21A747E62426256B003C7677 /* SDWebImageCoder.m */,
				21A747E72426256B003C7677 /* NSButton+WebCache.m */,
				21A747E82426256B003C7677 /* MKAnnotationView+WebCache.h */,
				21A747E92426256B003C7677 /* UIImage+WebP.h */,
				21A747EA2426256B003C7677 /* SDAnimatedImageRep.m */,
				21A747EB2426256B003C7677 /* SDImageCache.m */,
				21A747EC2426256B003C7677 /* SDWebImageFrame.h */,
				21A747ED2426256B003C7677 /* UIImageView+HighlightedWebCache.h */,
				21A747EE2426256B003C7677 /* SDWebImageDownloaderOperation.m */,
				21A747EF2426256B003C7677 /* SDWebImageTransition.m */,
				21A747F02426256B003C7677 /* SDWebImageManager.h */,
				21A747F12426256B003C7677 /* NSData+ImageContentType.m */,
				21A747F22426256B003C7677 /* UIImageView+WebCache.m */,
				21A747F32426256B003C7677 /* SDWebImageOperation.h */,
				21A747F42426256B003C7677 /* NSImage+WebCache.m */,
				21A747F52426256B003C7677 /* SDWebImageGIFCoder.m */,
				21A747F62426256B003C7677 /* SDWebImageDownloader.h */,
				21A747F72426256B003C7677 /* SDImageCacheConfig.m */,
				21A747F82426256B003C7677 /* SDWebImageCodersManager.h */,
				21A747F92426256B003C7677 /* UIImage+ForceDecode.h */,
				21A747FA2426256B003C7677 /* UIView+WebCacheOperation.m */,
				21A747FB2426256B003C7677 /* UIView+WebCache.m */,
				21A747FC2426256B003C7677 /* SDWebImagePrefetcher.h */,
				21A747FD2426256B003C7677 /* SDWebImageImageIOCoder.m */,
				21A747FE2426256B003C7677 /* SDWebImageCompat.h */,
				21A747FF2426256B003C7677 /* SDWebImageCoderHelper.h */,
				21A748002426256B003C7677 /* UIImage+MultiFormat.h */,
				21A748012426256B003C7677 /* UIButton+WebCache.m */,
				21A748022426256B003C7677 /* SDWebImageWebPCoder.m */,
				21A748032426256B003C7677 /* UIImage+GIF.h */,
			);
			path = SDWebImage;
			sourceTree = "<group>";
		};
		21A747D32426256B003C7677 /* FLAnimatedImage */ = {
			isa = PBXGroup;
			children = (
				21A747D42426256B003C7677 /* FLAnimatedImageView+WebCache.m */,
				21A747D52426256B003C7677 /* FLAnimatedImage.m */,
				21A747D62426256B003C7677 /* FLAnimatedImageView.m */,
				21A747D72426256B003C7677 /* FLAnimatedImageView+WebCache.h */,
				21A747D82426256B003C7677 /* FLAnimatedImage.h */,
				21A747D92426256B003C7677 /* FLAnimatedImageView.h */,
			);
			path = FLAnimatedImage;
			sourceTree = "<group>";
		};
		807D3A9B9393023881A82887 /* Frameworks */ = {
			isa = PBXGroup;
			children = (
				C6B46BC3A09F0D0A64269245 /* Pods_beaverage.framework */,
				ADEC2E1CD78E67F1163316AA /* Pods_beaverageTests.framework */,
			);
			name = Frameworks;
			sourceTree = "<group>";
		};
/* End PBXGroup section */

/* Begin PBXNativeTarget section */
		21A746F82425D924003C7677 /* beaverage */ = {
			isa = PBXNativeTarget;
			buildConfigurationList = 21A747182425D926003C7677 /* Build configuration list for PBXNativeTarget "beaverage" */;
			buildPhases = (
				AFF31C38A57B056C991A2931 /* [CP] Check Pods Manifest.lock */,
				21A746F52425D924003C7677 /* Sources */,
				21A746F62425D924003C7677 /* Frameworks */,
				21A746F72425D924003C7677 /* Resources */,
				E841D1C69321A4280FE6128E /* [CP] Embed Pods Frameworks */,
			);
			buildRules = (
			);
			dependencies = (
			);
			name = beaverage;
			productName = beaverage;
			productReference = 21A746F92425D924003C7677 /* beaverage.app */;
			productType = "com.apple.product-type.application";
		};
		21A7470E2425D926003C7677 /* beaverageTests */ = {
			isa = PBXNativeTarget;
			buildConfigurationList = 21A7471B2425D926003C7677 /* Build configuration list for PBXNativeTarget "beaverageTests" */;
			buildPhases = (
				6EF2ECFB8DD6BA24BA5D2939 /* [CP] Check Pods Manifest.lock */,
				21A7470B2425D926003C7677 /* Sources */,
				21A7470C2425D926003C7677 /* Frameworks */,
				21A7470D2425D926003C7677 /* Resources */,
			);
			buildRules = (
			);
			dependencies = (
				21A747112425D926003C7677 /* PBXTargetDependency */,
			);
			name = beaverageTests;
			productName = beaverageTests;
			productReference = 21A7470F2425D926003C7677 /* beaverageTests.xctest */;
			productType = "com.apple.product-type.bundle.unit-test";
		};
/* End PBXNativeTarget section */

/* Begin PBXProject section */
		21A746F12425D924003C7677 /* Project object */ = {
			isa = PBXProject;
			attributes = {
				LastSwiftUpdateCheck = 1130;
				LastUpgradeCheck = 1130;
				ORGANIZATIONNAME = sunasterisk;
				TargetAttributes = {
					21A746F82425D924003C7677 = {
						CreatedOnToolsVersion = 11.3.1;
					};
					21A7470E2425D926003C7677 = {
						CreatedOnToolsVersion = 11.3.1;
						TestTargetID = 21A746F82425D924003C7677;
					};
				};
			};
			buildConfigurationList = 21A746F42425D924003C7677 /* Build configuration list for PBXProject "beaverage" */;
			compatibilityVersion = "Xcode 9.3";
			developmentRegion = en;
			hasScannedForEncodings = 0;
			knownRegions = (
				en,
				Base,
			);
			mainGroup = 21A746F02425D924003C7677;
			productRefGroup = 21A746FA2425D924003C7677 /* Products */;
			projectDirPath = "";
			projectRoot = "";
			targets = (
				21A746F82425D924003C7677 /* beaverage */,
				21A7470E2425D926003C7677 /* beaverageTests */,
			);
		};
/* End PBXProject section */

/* Begin PBXResourcesBuildPhase section */
		21A746F72425D924003C7677 /* Resources */ = {
			isa = PBXResourcesBuildPhase;
			buildActionMask = 2147483647;
			files = (
				21A748072426256B003C7677 /* InjectionCode.js in Resources */,
				21A747092425D926003C7677 /* LaunchScreen.storyboard in Resources */,
				21A7471F2425DE71003C7677 /* LoginViewController.storyboard in Resources */,
				21A747062425D926003C7677 /* Assets.xcassets in Resources */,
				21FAE6D22427D9EB0088C4B0 /* DarkView.xib in Resources */,
				21A7480D2426256B003C7677 /* HomeHeadView.xib in Resources */,
				21A7483924276449003C7677 /* CollectionHeaderView.xib in Resources */,
				21A747042425D924003C7677 /* Main.storyboard in Resources */,
				21A7480F2426256B003C7677 /* HomeCell.xib in Resources */,
				21A748082426256B003C7677 /* HomeFootView.xib in Resources */,
			);
			runOnlyForDeploymentPostprocessing = 0;
		};
		21A7470D2425D926003C7677 /* Resources */ = {
			isa = PBXResourcesBuildPhase;
			buildActionMask = 2147483647;
			files = (
			);
			runOnlyForDeploymentPostprocessing = 0;
		};
/* End PBXResourcesBuildPhase section */

/* Begin PBXShellScriptBuildPhase section */
		6EF2ECFB8DD6BA24BA5D2939 /* [CP] Check Pods Manifest.lock */ = {
			isa = PBXShellScriptBuildPhase;
			buildActionMask = 2147483647;
			files = (
			);
			inputFileListPaths = (
			);
			inputPaths = (
				"${PODS_PODFILE_DIR_PATH}/Podfile.lock",
				"${PODS_ROOT}/Manifest.lock",
			);
			name = "[CP] Check Pods Manifest.lock";
			outputFileListPaths = (
			);
			outputPaths = (
				"$(DERIVED_FILE_DIR)/Pods-beaverageTests-checkManifestLockResult.txt",
			);
			runOnlyForDeploymentPostprocessing = 0;
			shellPath = /bin/sh;
			shellScript = "diff \"${PODS_PODFILE_DIR_PATH}/Podfile.lock\" \"${PODS_ROOT}/Manifest.lock\" > /dev/null\nif [ $? != 0 ] ; then\n    # print error to STDERR\n    echo \"error: The sandbox is not in sync with the Podfile.lock. Run 'pod install' or update your CocoaPods installation.\" >&2\n    exit 1\nfi\n# This output is used by Xcode 'outputs' to avoid re-running this script phase.\necho \"SUCCESS\" > \"${SCRIPT_OUTPUT_FILE_0}\"\n";
			showEnvVarsInLog = 0;
		};
		AFF31C38A57B056C991A2931 /* [CP] Check Pods Manifest.lock */ = {
			isa = PBXShellScriptBuildPhase;
			buildActionMask = 2147483647;
			files = (
			);
			inputFileListPaths = (
			);
			inputPaths = (
				"${PODS_PODFILE_DIR_PATH}/Podfile.lock",
				"${PODS_ROOT}/Manifest.lock",
			);
			name = "[CP] Check Pods Manifest.lock";
			outputFileListPaths = (
			);
			outputPaths = (
				"$(DERIVED_FILE_DIR)/Pods-beaverage-checkManifestLockResult.txt",
			);
			runOnlyForDeploymentPostprocessing = 0;
			shellPath = /bin/sh;
			shellScript = "diff \"${PODS_PODFILE_DIR_PATH}/Podfile.lock\" \"${PODS_ROOT}/Manifest.lock\" > /dev/null\nif [ $? != 0 ] ; then\n    # print error to STDERR\n    echo \"error: The sandbox is not in sync with the Podfile.lock. Run 'pod install' or update your CocoaPods installation.\" >&2\n    exit 1\nfi\n# This output is used by Xcode 'outputs' to avoid re-running this script phase.\necho \"SUCCESS\" > \"${SCRIPT_OUTPUT_FILE_0}\"\n";
			showEnvVarsInLog = 0;
		};
		E841D1C69321A4280FE6128E /* [CP] Embed Pods Frameworks */ = {
			isa = PBXShellScriptBuildPhase;
			buildActionMask = 2147483647;
			files = (
			);
			inputFileListPaths = (
				"${PODS_ROOT}/Target Support Files/Pods-beaverage/Pods-beaverage-frameworks-${CONFIGURATION}-input-files.xcfilelist",
			);
			name = "[CP] Embed Pods Frameworks";
			outputFileListPaths = (
				"${PODS_ROOT}/Target Support Files/Pods-beaverage/Pods-beaverage-frameworks-${CONFIGURATION}-output-files.xcfilelist",
			);
			runOnlyForDeploymentPostprocessing = 0;
			shellPath = /bin/sh;
			shellScript = "\"${PODS_ROOT}/Target Support Files/Pods-beaverage/Pods-beaverage-frameworks.sh\"\n";
			showEnvVarsInLog = 0;
		};
/* End PBXShellScriptBuildPhase section */

/* Begin PBXSourcesBuildPhase section */
		21A746F52425D924003C7677 /* Sources */ = {
			isa = PBXSourcesBuildPhase;
			buildActionMask = 2147483647;
			files = (
				21A748302426256B003C7677 /* SDImageCacheConfig.m in Sources */,
				21A748212426256B003C7677 /* UIImage+GIF.m in Sources */,
				21A748192426256B003C7677 /* UIImageView+HighlightedWebCache.m in Sources */,
				21A747212425DEB2003C7677 /* LoginViewController.swift in Sources */,
				21A7481E2426256B003C7677 /* FLAnimatedImage.m in Sources */,
				21A7482B2426256B003C7677 /* SDWebImageTransition.m in Sources */,
				21FAE6D42427DA2B0088C4B0 /* DarkView.swift in Sources */,
				21A7482E2426256B003C7677 /* NSImage+WebCache.m in Sources */,
				21A748342426256B003C7677 /* UIButton+WebCache.m in Sources */,
				21A748282426256B003C7677 /* SDAnimatedImageRep.m in Sources */,
				21A748172426256B003C7677 /* MKAnnotationView+WebCache.m in Sources */,
				21A7481B2426256B003C7677 /* UIImage+ForceDecode.m in Sources */,
				21A748312426256B003C7677 /* UIView+WebCacheOperation.m in Sources */,
				21A748092426256B003C7677 /* JianshuRequestModel.swift in Sources */,
				21A7482F2426256B003C7677 /* SDWebImageGIFCoder.m in Sources */,
				21A748222426256B003C7677 /* UIImage+MultiFormat.m in Sources */,
				21A7482D2426256B003C7677 /* UIImageView+WebCache.m in Sources */,
				21A748272426256B003C7677 /* NSButton+WebCache.m in Sources */,
				21A748182426256B003C7677 /* SDWebImageManager.m in Sources */,
				21A7482A2426256B003C7677 /* SDWebImageDownloaderOperation.m in Sources */,
				21A747012425D924003C7677 /* ViewController.swift in Sources */,
				21A748102426256B003C7677 /* HomeHeadView.swift in Sources */,
				21A7480B2426256B003C7677 /* HomeVC.swift in Sources */,
				21A748052426256B003C7677 /* HomeFootView.swift in Sources */,
				21A7483B24276486003C7677 /* CollectionHeaderView.swift in Sources */,
				21A7481F2426256B003C7677 /* FLAnimatedImageView.m in Sources */,
				21A746FD2425D924003C7677 /* AppDelegate.swift in Sources */,
				21A748262426256B003C7677 /* SDWebImageCoder.m in Sources */,
				21A748322426256B003C7677 /* UIView+WebCache.m in Sources */,
				21A748162426256B003C7677 /* UIImage+WebP.m in Sources */,
				21A748202426256B003C7677 /* SDWebImageDownloader.m in Sources */,
				21A748112426256B003C7677 /* Macro.swift in Sources */,
				21A7480E2426256B003C7677 /* JianshuModel.swift in Sources */,
				21A748062426256B003C7677 /* HomeCell.swift in Sources */,
				21A7481D2426256B003C7677 /* FLAnimatedImageView+WebCache.m in Sources */,
				21A748252426256B003C7677 /* SDWebImagePrefetcher.m in Sources */,
				21A746FF2425D924003C7677 /* SceneDelegate.swift in Sources */,
				21FAE6CE2427D5A60088C4B0 /* TopViewController.swift in Sources */,
				21A748242426256B003C7677 /* SDWebImageCompat.m in Sources */,
				21A748122426256B003C7677 /* Tools.swift in Sources */,
				21A7480C2426256B003C7677 /* HomeFlowLayout.swift in Sources */,
				21A748292426256B003C7677 /* SDImageCache.m in Sources */,
				21A7481C2426256B003C7677 /* SDWebImageCodersManager.m in Sources */,
				21A748332426256B003C7677 /* SDWebImageImageIOCoder.m in Sources */,
				21A7482C2426256B003C7677 /* NSData+ImageContentType.m in Sources */,
				21A7480A2426256B003C7677 /* ArticleVC.swift in Sources */,
				21A748352426256B003C7677 /* SDWebImageWebPCoder.m in Sources */,
				21A7481A2426256B003C7677 /* SDWebImageFrame.m in Sources */,
				21A748232426256B003C7677 /* SDWebImageCoderHelper.m in Sources */,
			);
			runOnlyForDeploymentPostprocessing = 0;
		};
		21A7470B2425D926003C7677 /* Sources */ = {
			isa = PBXSourcesBuildPhase;
			buildActionMask = 2147483647;
			files = (
				21A747142425D926003C7677 /* beaverageTests.swift in Sources */,
			);
			runOnlyForDeploymentPostprocessing = 0;
		};
/* End PBXSourcesBuildPhase section */

/* Begin PBXTargetDependency section */
		21A747112425D926003C7677 /* PBXTargetDependency */ = {
			isa = PBXTargetDependency;
			target = 21A746F82425D924003C7677 /* beaverage */;
			targetProxy = 21A747102425D926003C7677 /* PBXContainerItemProxy */;
		};
/* End PBXTargetDependency section */

/* Begin PBXVariantGroup section */
		21A747022425D924003C7677 /* Main.storyboard */ = {
			isa = PBXVariantGroup;
			children = (
				21A747032425D924003C7677 /* Base */,
			);
			name = Main.storyboard;
			sourceTree = "<group>";
		};
		21A747072425D926003C7677 /* LaunchScreen.storyboard */ = {
			isa = PBXVariantGroup;
			children = (
				21A747082425D926003C7677 /* Base */,
			);
			name = LaunchScreen.storyboard;
			sourceTree = "<group>";
		};
/* End PBXVariantGroup section */

/* Begin XCBuildConfiguration section */
		21A747162425D926003C7677 /* Debug */ = {
			isa = XCBuildConfiguration;
			buildSettings = {
				ALWAYS_SEARCH_USER_PATHS = NO;
				CLANG_ANALYZER_NONNULL = YES;
				CLANG_ANALYZER_NUMBER_OBJECT_CONVERSION = YES_AGGRESSIVE;
				CLANG_CXX_LANGUAGE_STANDARD = "gnu++14";
				CLANG_CXX_LIBRARY = "libc++";
				CLANG_ENABLE_MODULES = YES;
				CLANG_ENABLE_OBJC_ARC = YES;
				CLANG_ENABLE_OBJC_WEAK = YES;
				CLANG_WARN_BLOCK_CAPTURE_AUTORELEASING = YES;
				CLANG_WARN_BOOL_CONVERSION = YES;
				CLANG_WARN_COMMA = YES;
				CLANG_WARN_CONSTANT_CONVERSION = YES;
				CLANG_WARN_DEPRECATED_OBJC_IMPLEMENTATIONS = YES;
				CLANG_WARN_DIRECT_OBJC_ISA_USAGE = YES_ERROR;
				CLANG_WARN_DOCUMENTATION_COMMENTS = YES;
				CLANG_WARN_EMPTY_BODY = YES;
				CLANG_WARN_ENUM_CONVERSION = YES;
				CLANG_WARN_INFINITE_RECURSION = YES;
				CLANG_WARN_INT_CONVERSION = YES;
				CLANG_WARN_NON_LITERAL_NULL_CONVERSION = YES;
				CLANG_WARN_OBJC_IMPLICIT_RETAIN_SELF = YES;
				CLANG_WARN_OBJC_LITERAL_CONVERSION = YES;
				CLANG_WARN_OBJC_ROOT_CLASS = YES_ERROR;
				CLANG_WARN_RANGE_LOOP_ANALYSIS = YES;
				CLANG_WARN_STRICT_PROTOTYPES = YES;
				CLANG_WARN_SUSPICIOUS_MOVE = YES;
				CLANG_WARN_UNGUARDED_AVAILABILITY = YES_AGGRESSIVE;
				CLANG_WARN_UNREACHABLE_CODE = YES;
				CLANG_WARN__DUPLICATE_METHOD_MATCH = YES;
				COPY_PHASE_STRIP = NO;
				DEBUG_INFORMATION_FORMAT = dwarf;
				ENABLE_STRICT_OBJC_MSGSEND = YES;
				ENABLE_TESTABILITY = YES;
				GCC_C_LANGUAGE_STANDARD = gnu11;
				GCC_DYNAMIC_NO_PIC = NO;
				GCC_NO_COMMON_BLOCKS = YES;
				GCC_OPTIMIZATION_LEVEL = 0;
				GCC_PREPROCESSOR_DEFINITIONS = (
					"DEBUG=1",
					"$(inherited)",
				);
				GCC_WARN_64_TO_32_BIT_CONVERSION = YES;
				GCC_WARN_ABOUT_RETURN_TYPE = YES_ERROR;
				GCC_WARN_UNDECLARED_SELECTOR = YES;
				GCC_WARN_UNINITIALIZED_AUTOS = YES_AGGRESSIVE;
				GCC_WARN_UNUSED_FUNCTION = YES;
				GCC_WARN_UNUSED_VARIABLE = YES;
				IPHONEOS_DEPLOYMENT_TARGET = 13.2;
				MTL_ENABLE_DEBUG_INFO = INCLUDE_SOURCE;
				MTL_FAST_MATH = YES;
				ONLY_ACTIVE_ARCH = YES;
				SDKROOT = iphoneos;
				SWIFT_ACTIVE_COMPILATION_CONDITIONS = DEBUG;
				SWIFT_OPTIMIZATION_LEVEL = "-Onone";
			};
			name = Debug;
		};
		21A747172425D926003C7677 /* Release */ = {
			isa = XCBuildConfiguration;
			buildSettings = {
				ALWAYS_SEARCH_USER_PATHS = NO;
				CLANG_ANALYZER_NONNULL = YES;
				CLANG_ANALYZER_NUMBER_OBJECT_CONVERSION = YES_AGGRESSIVE;
				CLANG_CXX_LANGUAGE_STANDARD = "gnu++14";
				CLANG_CXX_LIBRARY = "libc++";
				CLANG_ENABLE_MODULES = YES;
				CLANG_ENABLE_OBJC_ARC = YES;
				CLANG_ENABLE_OBJC_WEAK = YES;
				CLANG_WARN_BLOCK_CAPTURE_AUTORELEASING = YES;
				CLANG_WARN_BOOL_CONVERSION = YES;
				CLANG_WARN_COMMA = YES;
				CLANG_WARN_CONSTANT_CONVERSION = YES;
				CLANG_WARN_DEPRECATED_OBJC_IMPLEMENTATIONS = YES;
				CLANG_WARN_DIRECT_OBJC_ISA_USAGE = YES_ERROR;
				CLANG_WARN_DOCUMENTATION_COMMENTS = YES;
				CLANG_WARN_EMPTY_BODY = YES;
				CLANG_WARN_ENUM_CONVERSION = YES;
				CLANG_WARN_INFINITE_RECURSION = YES;
				CLANG_WARN_INT_CONVERSION = YES;
				CLANG_WARN_NON_LITERAL_NULL_CONVERSION = YES;
				CLANG_WARN_OBJC_IMPLICIT_RETAIN_SELF = YES;
				CLANG_WARN_OBJC_LITERAL_CONVERSION = YES;
				CLANG_WARN_OBJC_ROOT_CLASS = YES_ERROR;
				CLANG_WARN_RANGE_LOOP_ANALYSIS = YES;
				CLANG_WARN_STRICT_PROTOTYPES = YES;
				CLANG_WARN_SUSPICIOUS_MOVE = YES;
				CLANG_WARN_UNGUARDED_AVAILABILITY = YES_AGGRESSIVE;
				CLANG_WARN_UNREACHABLE_CODE = YES;
				CLANG_WARN__DUPLICATE_METHOD_MATCH = YES;
				COPY_PHASE_STRIP = NO;
				DEBUG_INFORMATION_FORMAT = "dwarf-with-dsym";
				ENABLE_NS_ASSERTIONS = NO;
				ENABLE_STRICT_OBJC_MSGSEND = YES;
				GCC_C_LANGUAGE_STANDARD = gnu11;
				GCC_NO_COMMON_BLOCKS = YES;
				GCC_WARN_64_TO_32_BIT_CONVERSION = YES;
				GCC_WARN_ABOUT_RETURN_TYPE = YES_ERROR;
				GCC_WARN_UNDECLARED_SELECTOR = YES;
				GCC_WARN_UNINITIALIZED_AUTOS = YES_AGGRESSIVE;
				GCC_WARN_UNUSED_FUNCTION = YES;
				GCC_WARN_UNUSED_VARIABLE = YES;
				IPHONEOS_DEPLOYMENT_TARGET = 13.2;
				MTL_ENABLE_DEBUG_INFO = NO;
				MTL_FAST_MATH = YES;
				SDKROOT = iphoneos;
				SWIFT_COMPILATION_MODE = wholemodule;
				SWIFT_OPTIMIZATION_LEVEL = "-O";
				VALIDATE_PRODUCT = YES;
			};
			name = Release;
		};
		21A747192425D926003C7677 /* Debug */ = {
			isa = XCBuildConfiguration;
			baseConfigurationReference = 6AACC42C7EA6AA8B33D17A9A /* Pods-beaverage.debug.xcconfig */;
			buildSettings = {
				ASSETCATALOG_COMPILER_APPICON_NAME = AppIcon;
				CODE_SIGN_STYLE = Automatic;
				INFOPLIST_FILE = beaverage/Info.plist;
				LD_RUNPATH_SEARCH_PATHS = (
					"$(inherited)",
					"@executable_path/Frameworks",
				);
				PRODUCT_BUNDLE_IDENTIFIER = sunasterisk.beaverage;
				PRODUCT_NAME = "$(TARGET_NAME)";
				SWIFT_VERSION = 5.0;
				TARGETED_DEVICE_FAMILY = 2;
			};
			name = Debug;
		};
		21A7471A2425D926003C7677 /* Release */ = {
			isa = XCBuildConfiguration;
			baseConfigurationReference = FBBAA06C4373129EDF3CD565 /* Pods-beaverage.release.xcconfig */;
			buildSettings = {
				ASSETCATALOG_COMPILER_APPICON_NAME = AppIcon;
				CODE_SIGN_STYLE = Automatic;
				INFOPLIST_FILE = beaverage/Info.plist;
				LD_RUNPATH_SEARCH_PATHS = (
					"$(inherited)",
					"@executable_path/Frameworks",
				);
				PRODUCT_BUNDLE_IDENTIFIER = sunasterisk.beaverage;
				PRODUCT_NAME = "$(TARGET_NAME)";
				SWIFT_VERSION = 5.0;
				TARGETED_DEVICE_FAMILY = 2;
			};
			name = Release;
		};
		21A7471C2425D926003C7677 /* Debug */ = {
			isa = XCBuildConfiguration;
			baseConfigurationReference = EDA4989957D2BE886BC269A2 /* Pods-beaverageTests.debug.xcconfig */;
			buildSettings = {
				ALWAYS_EMBED_SWIFT_STANDARD_LIBRARIES = YES;
				BUNDLE_LOADER = "$(TEST_HOST)";
				CODE_SIGN_STYLE = Automatic;
				INFOPLIST_FILE = beaverageTests/Info.plist;
				IPHONEOS_DEPLOYMENT_TARGET = 13.2;
				LD_RUNPATH_SEARCH_PATHS = (
					"$(inherited)",
					"@executable_path/Frameworks",
					"@loader_path/Frameworks",
				);
				PRODUCT_BUNDLE_IDENTIFIER = sunasterisk.beaverageTests;
				PRODUCT_NAME = "$(TARGET_NAME)";
				SWIFT_VERSION = 5.0;
				TARGETED_DEVICE_FAMILY = "1,2";
				TEST_HOST = "$(BUILT_PRODUCTS_DIR)/beaverage.app/beaverage";
			};
			name = Debug;
		};
		21A7471D2425D926003C7677 /* Release */ = {
			isa = XCBuildConfiguration;
			baseConfigurationReference = 2E43B2C84D88997E347E8C2C /* Pods-beaverageTests.release.xcconfig */;
			buildSettings = {
				ALWAYS_EMBED_SWIFT_STANDARD_LIBRARIES = YES;
				BUNDLE_LOADER = "$(TEST_HOST)";
				CODE_SIGN_STYLE = Automatic;
				INFOPLIST_FILE = beaverageTests/Info.plist;
				IPHONEOS_DEPLOYMENT_TARGET = 13.2;
				LD_RUNPATH_SEARCH_PATHS = (
					"$(inherited)",
					"@executable_path/Frameworks",
					"@loader_path/Frameworks",
				);
				PRODUCT_BUNDLE_IDENTIFIER = sunasterisk.beaverageTests;
				PRODUCT_NAME = "$(TARGET_NAME)";
				SWIFT_VERSION = 5.0;
				TARGETED_DEVICE_FAMILY = "1,2";
				TEST_HOST = "$(BUILT_PRODUCTS_DIR)/beaverage.app/beaverage";
			};
			name = Release;
		};
/* End XCBuildConfiguration section */

/* Begin XCConfigurationList section */
		21A746F42425D924003C7677 /* Build configuration list for PBXProject "beaverage" */ = {
			isa = XCConfigurationList;
			buildConfigurations = (
				21A747162425D926003C7677 /* Debug */,
				21A747172425D926003C7677 /* Release */,
			);
			defaultConfigurationIsVisible = 0;
			defaultConfigurationName = Release;
		};
		21A747182425D926003C7677 /* Build configuration list for PBXNativeTarget "beaverage" */ = {
			isa = XCConfigurationList;
			buildConfigurations = (
				21A747192425D926003C7677 /* Debug */,
				21A7471A2425D926003C7677 /* Release */,
			);
			defaultConfigurationIsVisible = 0;
			defaultConfigurationName = Release;
		};
		21A7471B2425D926003C7677 /* Build configuration list for PBXNativeTarget "beaverageTests" */ = {
			isa = XCConfigurationList;
			buildConfigurations = (
				21A7471C2425D926003C7677 /* Debug */,
				21A7471D2425D926003C7677 /* Release */,
			);
			defaultConfigurationIsVisible = 0;
			defaultConfigurationName = Release;
		};
/* End XCConfigurationList section */
	};
	rootObject = 21A746F12425D924003C7677 /* Project object */;
}
